// !$*UTF8*$!
{
	archiveVersion = 1;
	classes = {
	};
	objectVersion = 56;
	objects = {

/* Begin PBXBuildFile section */
		0E0C34892B55ED6D002E5B27 /* ContentView.swift in Sources */ = {isa = PBXBuildFile; fileRef = 0E0C34882B55ED6D002E5B27 /* ContentView.swift */; };
		0E0C348B2B55ED6E002E5B27 /* Assets.xcassets in Resources */ = {isa = PBXBuildFile; fileRef = 0E0C348A2B55ED6E002E5B27 /* Assets.xcassets */; };
		0E0C348E2B55ED6E002E5B27 /* Preview Assets.xcassets in Resources */ = {isa = PBXBuildFile; fileRef = 0E0C348D2B55ED6E002E5B27 /* Preview Assets.xcassets */; };
		0E0C34912B55ED6E002E5B27 /* WatchLandmarks Watch App.app in Embed Watch Content */ = {isa = PBXBuildFile; fileRef = 0E0C34842B55ED6D002E5B27 /* WatchLandmarks Watch App.app */; settings = {ATTRIBUTES = (RemoveHeadersOnCopy, ); }; };
		0E0C34972B55ED92002E5B27 /* CircleImage.swift in Sources */ = {isa = PBXBuildFile; fileRef = 0E5CBACC2A93D299005A61FA /* CircleImage.swift */; };
		0E0C34982B55ED92002E5B27 /* landmarkData.json in Resources */ = {isa = PBXBuildFile; fileRef = 0E8441B62A94F49200140A23 /* landmarkData.json */; };
		0E0C34992B55ED92002E5B27 /* hikeData.json in Resources */ = {isa = PBXBuildFile; fileRef = 0E36CC8A2AA112B200BF9E7B /* hikeData.json */; };
		0E0C349A2B55ED92002E5B27 /* Hike.swift in Sources */ = {isa = PBXBuildFile; fileRef = 0E36CC8C2AA1131200BF9E7B /* Hike.swift */; };
		0E0C349B2B55ED92002E5B27 /* Profile.swift in Sources */ = {isa = PBXBuildFile; fileRef = 0EFA01DC2B55947F00AB4689 /* Profile.swift */; };
		0E0C349C2B55ED92002E5B27 /* LandmarkRow.swift in Sources */ = {isa = PBXBuildFile; fileRef = 0E8441BF2A94FF5C00140A23 /* LandmarkRow.swift */; };
		0E0C349E2B55ED92002E5B27 /* MapView.swift in Sources */ = {isa = PBXBuildFile; fileRef = 0E5CBACE2A93D58F005A61FA /* MapView.swift */; };
		0E0C349F2B55ED92002E5B27 /* Assets.xcassets in Resources */ = {isa = PBXBuildFile; fileRef = 0E5CBAA62A93C5EE005A61FA /* Assets.xcassets */; };
		0E0C34A42B55EEB9002E5B27 /* LandmarkDetail.swift in Sources */ = {isa = PBXBuildFile; fileRef = 0E0C34A32B55EEB9002E5B27 /* LandmarkDetail.swift */; };
		0E0C34A52B55F015002E5B27 /* LandmarkTutorialApp.swift in Sources */ = {isa = PBXBuildFile; fileRef = 0E5CBAA22A93C5ED005A61FA /* LandmarkTutorialApp.swift */; };
		0E0C34A72B55F426002E5B27 /* NotificationView.swift in Sources */ = {isa = PBXBuildFile; fileRef = 0E0C34A62B55F426002E5B27 /* NotificationView.swift */; };
		0E0C34A92B55F4A8002E5B27 /* NotificationController.swift in Sources */ = {isa = PBXBuildFile; fileRef = 0E0C34A82B55F4A8002E5B27 /* NotificationController.swift */; };
		0E0C34B42B56823C002E5B27 /* ContentView.swift in Sources */ = {isa = PBXBuildFile; fileRef = 0E0C34B32B56823C002E5B27 /* ContentView.swift */; };
		0E0C34B62B56823E002E5B27 /* Assets.xcassets in Resources */ = {isa = PBXBuildFile; fileRef = 0E0C34B52B56823E002E5B27 /* Assets.xcassets */; };
		0E0C34B92B56823E002E5B27 /* Preview Assets.xcassets in Resources */ = {isa = PBXBuildFile; fileRef = 0E0C34B82B56823E002E5B27 /* Preview Assets.xcassets */; };
		0E0C34BE2B5682E2002E5B27 /* MapView.swift in Sources */ = {isa = PBXBuildFile; fileRef = 0E5CBACE2A93D58F005A61FA /* MapView.swift */; };
		0E0C34BF2B5682E2002E5B27 /* Assets.xcassets in Resources */ = {isa = PBXBuildFile; fileRef = 0E5CBAA62A93C5EE005A61FA /* Assets.xcassets */; };
		0E0C34C12B5682E2002E5B27 /* LandmarkRow.swift in Sources */ = {isa = PBXBuildFile; fileRef = 0E8441BF2A94FF5C00140A23 /* LandmarkRow.swift */; };
		0E0C34C22B5682E2002E5B27 /* LandmarkList.swift in Sources */ = {isa = PBXBuildFile; fileRef = 0E8441C12A95086900140A23 /* LandmarkList.swift */; };
		0E0C34C32B5682E2002E5B27 /* FavoriteButton.swift in Sources */ = {isa = PBXBuildFile; fileRef = 0E36CC7B2AA0F39300BF9E7B /* FavoriteButton.swift */; };
		0E0C34C42B5682E2002E5B27 /* landmarkData.json in Resources */ = {isa = PBXBuildFile; fileRef = 0E8441B62A94F49200140A23 /* landmarkData.json */; };
		0E0C34C52B5682E2002E5B27 /* Hike.swift in Sources */ = {isa = PBXBuildFile; fileRef = 0E36CC8C2AA1131200BF9E7B /* Hike.swift */; };
		0E0C34C62B5682E2002E5B27 /* hikeData.json in Resources */ = {isa = PBXBuildFile; fileRef = 0E36CC8A2AA112B200BF9E7B /* hikeData.json */; };
		0E0C34C72B5682E2002E5B27 /* LandmarkTutorialApp.swift in Sources */ = {isa = PBXBuildFile; fileRef = 0E5CBAA22A93C5ED005A61FA /* LandmarkTutorialApp.swift */; };
		0E0C34C82B5682E2002E5B27 /* Profile.swift in Sources */ = {isa = PBXBuildFile; fileRef = 0EFA01DC2B55947F00AB4689 /* Profile.swift */; };
		0E0C34C92B5682E2002E5B27 /* CircleImage.swift in Sources */ = {isa = PBXBuildFile; fileRef = 0E5CBACC2A93D299005A61FA /* CircleImage.swift */; };
		0E0C34CC2B56844E002E5B27 /* LandmarkDetail.swift in Sources */ = {isa = PBXBuildFile; fileRef = 0E0C34CB2B56844E002E5B27 /* LandmarkDetail.swift */; };
		0E0C34CE2B568A66002E5B27 /* LandmarkList.swift in Sources */ = {isa = PBXBuildFile; fileRef = 0E0C34CD2B568A66002E5B27 /* LandmarkList.swift */; };
		0E0C34D02B568F28002E5B27 /* LandmarkCommands.swift in Sources */ = {isa = PBXBuildFile; fileRef = 0E0C34CF2B568F28002E5B27 /* LandmarkCommands.swift */; };
		0E0C34D12B568F28002E5B27 /* LandmarkCommands.swift in Sources */ = {isa = PBXBuildFile; fileRef = 0E0C34CF2B568F28002E5B27 /* LandmarkCommands.swift */; };
		0E0C34D32B569446002E5B27 /* LandmarkSettings.swift in Sources */ = {isa = PBXBuildFile; fileRef = 0E0C34D22B569446002E5B27 /* LandmarkSettings.swift */; };
		0E0C34D42B569446002E5B27 /* LandmarkSettings.swift in Sources */ = {isa = PBXBuildFile; fileRef = 0E0C34D22B569446002E5B27 /* LandmarkSettings.swift */; };
		0E1BFD082B5ECC1800C84846 /* LandmarkModel.swift in Sources */ = {isa = PBXBuildFile; fileRef = 0EA1D5572B5EAFFD00FC92F2 /* LandmarkModel.swift */; };
		0E1BFD092B5ECC1A00C84846 /* LandmarkModel.swift in Sources */ = {isa = PBXBuildFile; fileRef = 0EA1D5572B5EAFFD00FC92F2 /* LandmarkModel.swift */; };
		0E1BFD0A2B5ECD8B00C84846 /* LandmarkExploreViewModel.swift in Sources */ = {isa = PBXBuildFile; fileRef = 0EA1D5552B5EAF2500FC92F2 /* LandmarkExploreViewModel.swift */; };
		0E1BFD0B2B5ECD8C00C84846 /* LandmarkExploreViewModel.swift in Sources */ = {isa = PBXBuildFile; fileRef = 0EA1D5552B5EAF2500FC92F2 /* LandmarkExploreViewModel.swift */; };
		0E1BFD0C2B5ECEC800C84846 /* LandmarkEntity.swift in Sources */ = {isa = PBXBuildFile; fileRef = 0ED6CADE2B5DCB1C0005CDDD /* LandmarkEntity.swift */; };
		0E1BFD0D2B5ECEC900C84846 /* LandmarkEntity.swift in Sources */ = {isa = PBXBuildFile; fileRef = 0ED6CADE2B5DCB1C0005CDDD /* LandmarkEntity.swift */; };
		0E1BFD0E2B5ECEDB00C84846 /* LandmarkResponse.swift in Sources */ = {isa = PBXBuildFile; fileRef = 0ED6CADA2B5DC2780005CDDD /* LandmarkResponse.swift */; };
		0E1BFD0F2B5ECEDC00C84846 /* LandmarkResponse.swift in Sources */ = {isa = PBXBuildFile; fileRef = 0ED6CADA2B5DC2780005CDDD /* LandmarkResponse.swift */; };
		0E1BFD102B5ECF0300C84846 /* LandmarkRepositoryProtocol.swift in Sources */ = {isa = PBXBuildFile; fileRef = 0ED6CADC2B5DCA5B0005CDDD /* LandmarkRepositoryProtocol.swift */; };
		0E1BFD112B5ECF0300C84846 /* LocalLandmarkDataSource.swift in Sources */ = {isa = PBXBuildFile; fileRef = 0ED6CAD82B5DB9D20005CDDD /* LocalLandmarkDataSource.swift */; };
		0E1BFD122B5ECF0300C84846 /* LandmarkRepository.swift in Sources */ = {isa = PBXBuildFile; fileRef = 0ED6CAE02B5DDF230005CDDD /* LandmarkRepository.swift */; };
		0E1BFD132B5ECF0300C84846 /* GetLandmarkListUseCase.swift in Sources */ = {isa = PBXBuildFile; fileRef = 0ED6CAE22B5DE3630005CDDD /* GetLandmarkListUseCase.swift */; };
		0E1BFD142B5ECF0400C84846 /* LandmarkRepositoryProtocol.swift in Sources */ = {isa = PBXBuildFile; fileRef = 0ED6CADC2B5DCA5B0005CDDD /* LandmarkRepositoryProtocol.swift */; };
		0E1BFD152B5ECF0400C84846 /* LocalLandmarkDataSource.swift in Sources */ = {isa = PBXBuildFile; fileRef = 0ED6CAD82B5DB9D20005CDDD /* LocalLandmarkDataSource.swift */; };
		0E1BFD162B5ECF0400C84846 /* LandmarkRepository.swift in Sources */ = {isa = PBXBuildFile; fileRef = 0ED6CAE02B5DDF230005CDDD /* LandmarkRepository.swift */; };
		0E1BFD172B5ECF0400C84846 /* GetLandmarkListUseCase.swift in Sources */ = {isa = PBXBuildFile; fileRef = 0ED6CAE22B5DE3630005CDDD /* GetLandmarkListUseCase.swift */; };
		0E1BFD182B5ED10200C84846 /* LocalUtils.swift in Sources */ = {isa = PBXBuildFile; fileRef = 0ED6CAD42B5DB6BF0005CDDD /* LocalUtils.swift */; };
		0E1BFD192B5ED10200C84846 /* LocalUtils.swift in Sources */ = {isa = PBXBuildFile; fileRef = 0ED6CAD42B5DB6BF0005CDDD /* LocalUtils.swift */; };
		0E1BFD1A2B5ED10500C84846 /* Constants.swift in Sources */ = {isa = PBXBuildFile; fileRef = 0ED6CAD62B5DB7330005CDDD /* Constants.swift */; };
		0E1BFD1B2B5ED10600C84846 /* Constants.swift in Sources */ = {isa = PBXBuildFile; fileRef = 0ED6CAD62B5DB7330005CDDD /* Constants.swift */; };
		0E36CC7C2AA0F39300BF9E7B /* FavoriteButton.swift in Sources */ = {isa = PBXBuildFile; fileRef = 0E36CC7B2AA0F39300BF9E7B /* FavoriteButton.swift */; };
		0E36CC802AA0FB3D00BF9E7B /* HexagonParameters.swift in Sources */ = {isa = PBXBuildFile; fileRef = 0E36CC7F2AA0FB3D00BF9E7B /* HexagonParameters.swift */; };
		0E36CC822AA0FCEE00BF9E7B /* BadgeBackground.swift in Sources */ = {isa = PBXBuildFile; fileRef = 0E36CC812AA0FCEE00BF9E7B /* BadgeBackground.swift */; };
		0E36CC842AA102B800BF9E7B /* BadgeSymbol.swift in Sources */ = {isa = PBXBuildFile; fileRef = 0E36CC832AA102B800BF9E7B /* BadgeSymbol.swift */; };
		0E36CC862AA1034900BF9E7B /* RotatedBadgeSymbol.swift in Sources */ = {isa = PBXBuildFile; fileRef = 0E36CC852AA1034900BF9E7B /* RotatedBadgeSymbol.swift */; };
		0E36CC882AA103AC00BF9E7B /* Badge.swift in Sources */ = {isa = PBXBuildFile; fileRef = 0E36CC872AA103AC00BF9E7B /* Badge.swift */; };
		0E36CC8B2AA112B200BF9E7B /* hikeData.json in Resources */ = {isa = PBXBuildFile; fileRef = 0E36CC8A2AA112B200BF9E7B /* hikeData.json */; };
		0E36CC8D2AA1131200BF9E7B /* Hike.swift in Sources */ = {isa = PBXBuildFile; fileRef = 0E36CC8C2AA1131200BF9E7B /* Hike.swift */; };
		0E36CC932AA113E800BF9E7B /* GraphCapsule.swift in Sources */ = {isa = PBXBuildFile; fileRef = 0E36CC8F2AA113E800BF9E7B /* GraphCapsule.swift */; };
		0E36CC942AA113E800BF9E7B /* HikeGraph.swift in Sources */ = {isa = PBXBuildFile; fileRef = 0E36CC902AA113E800BF9E7B /* HikeGraph.swift */; };
		0E36CC952AA113E800BF9E7B /* HikeDetail.swift in Sources */ = {isa = PBXBuildFile; fileRef = 0E36CC912AA113E800BF9E7B /* HikeDetail.swift */; };
		0E36CC962AA113E800BF9E7B /* HikeView.swift in Sources */ = {isa = PBXBuildFile; fileRef = 0E36CC922AA113E800BF9E7B /* HikeView.swift */; };
		0E3F5C0D2B6034C600EF497D /* LocalHikeDataSource.swift in Sources */ = {isa = PBXBuildFile; fileRef = 0E3F5C0C2B6034C600EF497D /* LocalHikeDataSource.swift */; };
		0E3F5C0F2B60351400EF497D /* HikeResponse.swift in Sources */ = {isa = PBXBuildFile; fileRef = 0E3F5C0E2B60351400EF497D /* HikeResponse.swift */; };
		0E3F5C112B60375F00EF497D /* HikeRepositoryProtocol.swift in Sources */ = {isa = PBXBuildFile; fileRef = 0E3F5C102B60375F00EF497D /* HikeRepositoryProtocol.swift */; };
		0E3F5C132B6037C000EF497D /* HikeEntity.swift in Sources */ = {isa = PBXBuildFile; fileRef = 0E3F5C122B6037C000EF497D /* HikeEntity.swift */; };
		0E3F5C152B6037F400EF497D /* HikeRepository.swift in Sources */ = {isa = PBXBuildFile; fileRef = 0E3F5C142B6037F400EF497D /* HikeRepository.swift */; };
		0E3F5C172B603C7F00EF497D /* GetHikeListUseCase.swift in Sources */ = {isa = PBXBuildFile; fileRef = 0E3F5C162B603C7F00EF497D /* GetHikeListUseCase.swift */; };
		0E3F5C192B603E1C00EF497D /* ProfileViewModel.swift in Sources */ = {isa = PBXBuildFile; fileRef = 0E3F5C182B603E1C00EF497D /* ProfileViewModel.swift */; };
		0E3F5C1A2B60400700EF497D /* ProfileViewModel.swift in Sources */ = {isa = PBXBuildFile; fileRef = 0E3F5C182B603E1C00EF497D /* ProfileViewModel.swift */; };
		0E3F5C1B2B60400700EF497D /* LocalHikeDataSource.swift in Sources */ = {isa = PBXBuildFile; fileRef = 0E3F5C0C2B6034C600EF497D /* LocalHikeDataSource.swift */; };
		0E3F5C1C2B60400700EF497D /* HikeResponse.swift in Sources */ = {isa = PBXBuildFile; fileRef = 0E3F5C0E2B60351400EF497D /* HikeResponse.swift */; };
		0E3F5C1D2B60400700EF497D /* GetHikeListUseCase.swift in Sources */ = {isa = PBXBuildFile; fileRef = 0E3F5C162B603C7F00EF497D /* GetHikeListUseCase.swift */; };
		0E3F5C1E2B60400700EF497D /* HikeRepository.swift in Sources */ = {isa = PBXBuildFile; fileRef = 0E3F5C142B6037F400EF497D /* HikeRepository.swift */; };
		0E3F5C1F2B60400700EF497D /* HikeRepositoryProtocol.swift in Sources */ = {isa = PBXBuildFile; fileRef = 0E3F5C102B60375F00EF497D /* HikeRepositoryProtocol.swift */; };
		0E3F5C202B60400700EF497D /* HikeEntity.swift in Sources */ = {isa = PBXBuildFile; fileRef = 0E3F5C122B6037C000EF497D /* HikeEntity.swift */; };
		0E3F5C212B60400800EF497D /* ProfileViewModel.swift in Sources */ = {isa = PBXBuildFile; fileRef = 0E3F5C182B603E1C00EF497D /* ProfileViewModel.swift */; };
		0E3F5C222B60400800EF497D /* LocalHikeDataSource.swift in Sources */ = {isa = PBXBuildFile; fileRef = 0E3F5C0C2B6034C600EF497D /* LocalHikeDataSource.swift */; };
		0E3F5C232B60400800EF497D /* HikeResponse.swift in Sources */ = {isa = PBXBuildFile; fileRef = 0E3F5C0E2B60351400EF497D /* HikeResponse.swift */; };
		0E3F5C242B60400800EF497D /* GetHikeListUseCase.swift in Sources */ = {isa = PBXBuildFile; fileRef = 0E3F5C162B603C7F00EF497D /* GetHikeListUseCase.swift */; };
		0E3F5C252B60400800EF497D /* HikeRepository.swift in Sources */ = {isa = PBXBuildFile; fileRef = 0E3F5C142B6037F400EF497D /* HikeRepository.swift */; };
		0E3F5C262B60400800EF497D /* HikeRepositoryProtocol.swift in Sources */ = {isa = PBXBuildFile; fileRef = 0E3F5C102B60375F00EF497D /* HikeRepositoryProtocol.swift */; };
		0E3F5C272B60400800EF497D /* HikeEntity.swift in Sources */ = {isa = PBXBuildFile; fileRef = 0E3F5C122B6037C000EF497D /* HikeEntity.swift */; };
		0E3F5C292B60489100EF497D /* PreviewData.swift in Sources */ = {isa = PBXBuildFile; fileRef = 0E3F5C282B60489100EF497D /* PreviewData.swift */; };
		0E3F5C2A2B60495A00EF497D /* PreviewData.swift in Sources */ = {isa = PBXBuildFile; fileRef = 0E3F5C282B60489100EF497D /* PreviewData.swift */; };
		0E3F5C2B2B60495A00EF497D /* PreviewData.swift in Sources */ = {isa = PBXBuildFile; fileRef = 0E3F5C282B60489100EF497D /* PreviewData.swift */; };
		0E4356BC2B61449E00A8403E /* ExploreModule.swift in Sources */ = {isa = PBXBuildFile; fileRef = 0E4356BB2B61449E00A8403E /* ExploreModule.swift */; };
		0E4356BD2B6149CB00A8403E /* ExploreModule.swift in Sources */ = {isa = PBXBuildFile; fileRef = 0E4356BB2B61449E00A8403E /* ExploreModule.swift */; };
		0E4356BE2B6149CB00A8403E /* ExploreModule.swift in Sources */ = {isa = PBXBuildFile; fileRef = 0E4356BB2B61449E00A8403E /* ExploreModule.swift */; };
		0E4356C02B614A8300A8403E /* ProfileModule.swift in Sources */ = {isa = PBXBuildFile; fileRef = 0E4356BF2B614A8300A8403E /* ProfileModule.swift */; };
		0E5CBAA32A93C5ED005A61FA /* LandmarkTutorialApp.swift in Sources */ = {isa = PBXBuildFile; fileRef = 0E5CBAA22A93C5ED005A61FA /* LandmarkTutorialApp.swift */; };
		0E5CBAA52A93C5ED005A61FA /* ContentView.swift in Sources */ = {isa = PBXBuildFile; fileRef = 0E5CBAA42A93C5ED005A61FA /* ContentView.swift */; };
		0E5CBAA72A93C5EE005A61FA /* Assets.xcassets in Resources */ = {isa = PBXBuildFile; fileRef = 0E5CBAA62A93C5EE005A61FA /* Assets.xcassets */; };
		0E5CBAAA2A93C5EE005A61FA /* Preview Assets.xcassets in Resources */ = {isa = PBXBuildFile; fileRef = 0E5CBAA92A93C5EE005A61FA /* Preview Assets.xcassets */; };
		0E5CBAB42A93C5EE005A61FA /* LandmarkTutorialTests.swift in Sources */ = {isa = PBXBuildFile; fileRef = 0E5CBAB32A93C5EE005A61FA /* LandmarkTutorialTests.swift */; };
		0E5CBABE2A93C5EE005A61FA /* LandmarkTutorialUITests.swift in Sources */ = {isa = PBXBuildFile; fileRef = 0E5CBABD2A93C5EE005A61FA /* LandmarkTutorialUITests.swift */; };
		0E5CBAC02A93C5EE005A61FA /* LandmarkTutorialUITestsLaunchTests.swift in Sources */ = {isa = PBXBuildFile; fileRef = 0E5CBABF2A93C5EE005A61FA /* LandmarkTutorialUITestsLaunchTests.swift */; };
		0E5CBACD2A93D299005A61FA /* CircleImage.swift in Sources */ = {isa = PBXBuildFile; fileRef = 0E5CBACC2A93D299005A61FA /* CircleImage.swift */; };
		0E5CBACF2A93D58F005A61FA /* MapView.swift in Sources */ = {isa = PBXBuildFile; fileRef = 0E5CBACE2A93D58F005A61FA /* MapView.swift */; };
		0E8441B72A94F49200140A23 /* landmarkData.json in Resources */ = {isa = PBXBuildFile; fileRef = 0E8441B62A94F49200140A23 /* landmarkData.json */; };
		0E8441C02A94FF5C00140A23 /* LandmarkRow.swift in Sources */ = {isa = PBXBuildFile; fileRef = 0E8441BF2A94FF5C00140A23 /* LandmarkRow.swift */; };
		0E8441C22A95086900140A23 /* LandmarkList.swift in Sources */ = {isa = PBXBuildFile; fileRef = 0E8441C12A95086900140A23 /* LandmarkList.swift */; };
		0E8441C42A950A5E00140A23 /* LandmarkDetail.swift in Sources */ = {isa = PBXBuildFile; fileRef = 0E8441C32A950A5E00140A23 /* LandmarkDetail.swift */; };
		0EA1D5562B5EAF2500FC92F2 /* LandmarkExploreViewModel.swift in Sources */ = {isa = PBXBuildFile; fileRef = 0EA1D5552B5EAF2500FC92F2 /* LandmarkExploreViewModel.swift */; };
		0EA1D5582B5EAFFD00FC92F2 /* LandmarkModel.swift in Sources */ = {isa = PBXBuildFile; fileRef = 0EA1D5572B5EAFFD00FC92F2 /* LandmarkModel.swift */; };
		0ED6CAD52B5DB6BF0005CDDD /* LocalUtils.swift in Sources */ = {isa = PBXBuildFile; fileRef = 0ED6CAD42B5DB6BF0005CDDD /* LocalUtils.swift */; };
		0ED6CAD72B5DB7330005CDDD /* Constants.swift in Sources */ = {isa = PBXBuildFile; fileRef = 0ED6CAD62B5DB7330005CDDD /* Constants.swift */; };
		0ED6CAD92B5DB9D20005CDDD /* LocalLandmarkDataSource.swift in Sources */ = {isa = PBXBuildFile; fileRef = 0ED6CAD82B5DB9D20005CDDD /* LocalLandmarkDataSource.swift */; };
		0ED6CADB2B5DC2780005CDDD /* LandmarkResponse.swift in Sources */ = {isa = PBXBuildFile; fileRef = 0ED6CADA2B5DC2780005CDDD /* LandmarkResponse.swift */; };
		0ED6CADD2B5DCA5B0005CDDD /* LandmarkRepositoryProtocol.swift in Sources */ = {isa = PBXBuildFile; fileRef = 0ED6CADC2B5DCA5B0005CDDD /* LandmarkRepositoryProtocol.swift */; };
		0ED6CADF2B5DCB1C0005CDDD /* LandmarkEntity.swift in Sources */ = {isa = PBXBuildFile; fileRef = 0ED6CADE2B5DCB1C0005CDDD /* LandmarkEntity.swift */; };
		0ED6CAE12B5DDF230005CDDD /* LandmarkRepository.swift in Sources */ = {isa = PBXBuildFile; fileRef = 0ED6CAE02B5DDF230005CDDD /* LandmarkRepository.swift */; };
		0ED6CAE32B5DE3630005CDDD /* GetLandmarkListUseCase.swift in Sources */ = {isa = PBXBuildFile; fileRef = 0ED6CAE22B5DE3630005CDDD /* GetLandmarkListUseCase.swift */; };
		0EF368FC2B51AA6200D92996 /* CategoryHome.swift in Sources */ = {isa = PBXBuildFile; fileRef = 0EF368FB2B51AA6200D92996 /* CategoryHome.swift */; };
		0EF368FE2B51B49C00D92996 /* CategoryRow.swift in Sources */ = {isa = PBXBuildFile; fileRef = 0EF368FD2B51B49C00D92996 /* CategoryRow.swift */; };
		0EF369002B51B65300D92996 /* CategoryItem.swift in Sources */ = {isa = PBXBuildFile; fileRef = 0EF368FF2B51B65300D92996 /* CategoryItem.swift */; };
		0EFA01DD2B55947F00AB4689 /* Profile.swift in Sources */ = {isa = PBXBuildFile; fileRef = 0EFA01DC2B55947F00AB4689 /* Profile.swift */; };
		0EFA01E02B55952400AB4689 /* ProfileHost.swift in Sources */ = {isa = PBXBuildFile; fileRef = 0EFA01DF2B55952400AB4689 /* ProfileHost.swift */; };
		0EFA01E22B55959B00AB4689 /* ProfileSummary.swift in Sources */ = {isa = PBXBuildFile; fileRef = 0EFA01E12B55959B00AB4689 /* ProfileSummary.swift */; };
		0EFA01E42B5597E100AB4689 /* HikeBadge.swift in Sources */ = {isa = PBXBuildFile; fileRef = 0EFA01E32B5597E100AB4689 /* HikeBadge.swift */; };
		0EFA01E62B55A86C00AB4689 /* ProfileEditor.swift in Sources */ = {isa = PBXBuildFile; fileRef = 0EFA01E52B55A86C00AB4689 /* ProfileEditor.swift */; };
		0EFA01E92B55AEE900AB4689 /* PageViewController.swift in Sources */ = {isa = PBXBuildFile; fileRef = 0EFA01E82B55AEE900AB4689 /* PageViewController.swift */; };
		0EFA01EB2B55B0A000AB4689 /* FeatureCard.swift in Sources */ = {isa = PBXBuildFile; fileRef = 0EFA01EA2B55B0A000AB4689 /* FeatureCard.swift */; };
		0EFA01ED2B55B21C00AB4689 /* PageView.swift in Sources */ = {isa = PBXBuildFile; fileRef = 0EFA01EC2B55B21C00AB4689 /* PageView.swift */; };
		0EFA01EF2B55B82700AB4689 /* PageControl.swift in Sources */ = {isa = PBXBuildFile; fileRef = 0EFA01EE2B55B82700AB4689 /* PageControl.swift */; };
/* End PBXBuildFile section */

/* Begin PBXContainerItemProxy section */
		0E0C348F2B55ED6E002E5B27 /* PBXContainerItemProxy */ = {
			isa = PBXContainerItemProxy;
			containerPortal = 0E5CBA972A93C5ED005A61FA /* Project object */;
			proxyType = 1;
			remoteGlobalIDString = 0E0C34832B55ED6D002E5B27;
			remoteInfo = "WatchLandmarks Watch App";
		};
		0E5CBAB02A93C5EE005A61FA /* PBXContainerItemProxy */ = {
			isa = PBXContainerItemProxy;
			containerPortal = 0E5CBA972A93C5ED005A61FA /* Project object */;
			proxyType = 1;
			remoteGlobalIDString = 0E5CBA9E2A93C5ED005A61FA;
			remoteInfo = LandmarkTutorial;
		};
		0E5CBABA2A93C5EE005A61FA /* PBXContainerItemProxy */ = {
			isa = PBXContainerItemProxy;
			containerPortal = 0E5CBA972A93C5ED005A61FA /* Project object */;
			proxyType = 1;
			remoteGlobalIDString = 0E5CBA9E2A93C5ED005A61FA;
			remoteInfo = LandmarkTutorial;
		};
/* End PBXContainerItemProxy section */

/* Begin PBXCopyFilesBuildPhase section */
		0E0C34952B55ED6E002E5B27 /* Embed Watch Content */ = {
			isa = PBXCopyFilesBuildPhase;
			buildActionMask = 2147483647;
			dstPath = "$(CONTENTS_FOLDER_PATH)/Watch";
			dstSubfolderSpec = 16;
			files = (
				0E0C34912B55ED6E002E5B27 /* WatchLandmarks Watch App.app in Embed Watch Content */,
			);
			name = "Embed Watch Content";
			runOnlyForDeploymentPostprocessing = 0;
		};
/* End PBXCopyFilesBuildPhase section */

/* Begin PBXFileReference section */
		0E0C34842B55ED6D002E5B27 /* WatchLandmarks Watch App.app */ = {isa = PBXFileReference; explicitFileType = wrapper.application; includeInIndex = 0; path = "WatchLandmarks Watch App.app"; sourceTree = BUILT_PRODUCTS_DIR; };
		0E0C34882B55ED6D002E5B27 /* ContentView.swift */ = {isa = PBXFileReference; lastKnownFileType = sourcecode.swift; path = ContentView.swift; sourceTree = "<group>"; };
		0E0C348A2B55ED6E002E5B27 /* Assets.xcassets */ = {isa = PBXFileReference; lastKnownFileType = folder.assetcatalog; path = Assets.xcassets; sourceTree = "<group>"; };
		0E0C348D2B55ED6E002E5B27 /* Preview Assets.xcassets */ = {isa = PBXFileReference; lastKnownFileType = folder.assetcatalog; path = "Preview Assets.xcassets"; sourceTree = "<group>"; };
		0E0C34A32B55EEB9002E5B27 /* LandmarkDetail.swift */ = {isa = PBXFileReference; lastKnownFileType = sourcecode.swift; path = LandmarkDetail.swift; sourceTree = "<group>"; };
		0E0C34A62B55F426002E5B27 /* NotificationView.swift */ = {isa = PBXFileReference; lastKnownFileType = sourcecode.swift; path = NotificationView.swift; sourceTree = "<group>"; };
		0E0C34A82B55F4A8002E5B27 /* NotificationController.swift */ = {isa = PBXFileReference; lastKnownFileType = sourcecode.swift; path = NotificationController.swift; sourceTree = "<group>"; };
		0E0C34AA2B55F654002E5B27 /* PushNotificationPayload.apns */ = {isa = PBXFileReference; lastKnownFileType = text; path = PushNotificationPayload.apns; sourceTree = "<group>"; };
		0E0C34AF2B56823C002E5B27 /* MacLandmarks.app */ = {isa = PBXFileReference; explicitFileType = wrapper.application; includeInIndex = 0; path = MacLandmarks.app; sourceTree = BUILT_PRODUCTS_DIR; };
		0E0C34B32B56823C002E5B27 /* ContentView.swift */ = {isa = PBXFileReference; lastKnownFileType = sourcecode.swift; path = ContentView.swift; sourceTree = "<group>"; };
		0E0C34B52B56823E002E5B27 /* Assets.xcassets */ = {isa = PBXFileReference; lastKnownFileType = folder.assetcatalog; path = Assets.xcassets; sourceTree = "<group>"; };
		0E0C34B82B56823E002E5B27 /* Preview Assets.xcassets */ = {isa = PBXFileReference; lastKnownFileType = folder.assetcatalog; path = "Preview Assets.xcassets"; sourceTree = "<group>"; };
		0E0C34BA2B56823E002E5B27 /* MacLandmarks.entitlements */ = {isa = PBXFileReference; lastKnownFileType = text.plist.entitlements; path = MacLandmarks.entitlements; sourceTree = "<group>"; };
		0E0C34CB2B56844E002E5B27 /* LandmarkDetail.swift */ = {isa = PBXFileReference; lastKnownFileType = sourcecode.swift; path = LandmarkDetail.swift; sourceTree = "<group>"; };
		0E0C34CD2B568A66002E5B27 /* LandmarkList.swift */ = {isa = PBXFileReference; lastKnownFileType = sourcecode.swift; path = LandmarkList.swift; sourceTree = "<group>"; };
		0E0C34CF2B568F28002E5B27 /* LandmarkCommands.swift */ = {isa = PBXFileReference; lastKnownFileType = sourcecode.swift; path = LandmarkCommands.swift; sourceTree = "<group>"; };
		0E0C34D22B569446002E5B27 /* LandmarkSettings.swift */ = {isa = PBXFileReference; lastKnownFileType = sourcecode.swift; path = LandmarkSettings.swift; sourceTree = "<group>"; };
		0E36CC7B2AA0F39300BF9E7B /* FavoriteButton.swift */ = {isa = PBXFileReference; lastKnownFileType = sourcecode.swift; path = FavoriteButton.swift; sourceTree = "<group>"; };
		0E36CC7F2AA0FB3D00BF9E7B /* HexagonParameters.swift */ = {isa = PBXFileReference; lastKnownFileType = sourcecode.swift; path = HexagonParameters.swift; sourceTree = "<group>"; };
		0E36CC812AA0FCEE00BF9E7B /* BadgeBackground.swift */ = {isa = PBXFileReference; lastKnownFileType = sourcecode.swift; path = BadgeBackground.swift; sourceTree = "<group>"; };
		0E36CC832AA102B800BF9E7B /* BadgeSymbol.swift */ = {isa = PBXFileReference; lastKnownFileType = sourcecode.swift; path = BadgeSymbol.swift; sourceTree = "<group>"; };
		0E36CC852AA1034900BF9E7B /* RotatedBadgeSymbol.swift */ = {isa = PBXFileReference; lastKnownFileType = sourcecode.swift; path = RotatedBadgeSymbol.swift; sourceTree = "<group>"; };
		0E36CC872AA103AC00BF9E7B /* Badge.swift */ = {isa = PBXFileReference; lastKnownFileType = sourcecode.swift; path = Badge.swift; sourceTree = "<group>"; };
		0E36CC8A2AA112B200BF9E7B /* hikeData.json */ = {isa = PBXFileReference; fileEncoding = 4; lastKnownFileType = text.json; path = hikeData.json; sourceTree = "<group>"; };
		0E36CC8C2AA1131200BF9E7B /* Hike.swift */ = {isa = PBXFileReference; lastKnownFileType = sourcecode.swift; path = Hike.swift; sourceTree = "<group>"; };
		0E36CC8F2AA113E800BF9E7B /* GraphCapsule.swift */ = {isa = PBXFileReference; fileEncoding = 4; lastKnownFileType = sourcecode.swift; path = GraphCapsule.swift; sourceTree = "<group>"; };
		0E36CC902AA113E800BF9E7B /* HikeGraph.swift */ = {isa = PBXFileReference; fileEncoding = 4; lastKnownFileType = sourcecode.swift; path = HikeGraph.swift; sourceTree = "<group>"; };
		0E36CC912AA113E800BF9E7B /* HikeDetail.swift */ = {isa = PBXFileReference; fileEncoding = 4; lastKnownFileType = sourcecode.swift; path = HikeDetail.swift; sourceTree = "<group>"; };
		0E36CC922AA113E800BF9E7B /* HikeView.swift */ = {isa = PBXFileReference; fileEncoding = 4; lastKnownFileType = sourcecode.swift; path = HikeView.swift; sourceTree = "<group>"; };
		0E3F5C0C2B6034C600EF497D /* LocalHikeDataSource.swift */ = {isa = PBXFileReference; lastKnownFileType = sourcecode.swift; path = LocalHikeDataSource.swift; sourceTree = "<group>"; };
		0E3F5C0E2B60351400EF497D /* HikeResponse.swift */ = {isa = PBXFileReference; lastKnownFileType = sourcecode.swift; path = HikeResponse.swift; sourceTree = "<group>"; };
		0E3F5C102B60375F00EF497D /* HikeRepositoryProtocol.swift */ = {isa = PBXFileReference; lastKnownFileType = sourcecode.swift; path = HikeRepositoryProtocol.swift; sourceTree = "<group>"; };
		0E3F5C122B6037C000EF497D /* HikeEntity.swift */ = {isa = PBXFileReference; lastKnownFileType = sourcecode.swift; path = HikeEntity.swift; sourceTree = "<group>"; };
		0E3F5C142B6037F400EF497D /* HikeRepository.swift */ = {isa = PBXFileReference; lastKnownFileType = sourcecode.swift; path = HikeRepository.swift; sourceTree = "<group>"; };
		0E3F5C162B603C7F00EF497D /* GetHikeListUseCase.swift */ = {isa = PBXFileReference; lastKnownFileType = sourcecode.swift; path = GetHikeListUseCase.swift; sourceTree = "<group>"; };
		0E3F5C182B603E1C00EF497D /* ProfileViewModel.swift */ = {isa = PBXFileReference; lastKnownFileType = sourcecode.swift; path = ProfileViewModel.swift; sourceTree = "<group>"; };
		0E3F5C282B60489100EF497D /* PreviewData.swift */ = {isa = PBXFileReference; lastKnownFileType = sourcecode.swift; path = PreviewData.swift; sourceTree = "<group>"; };
		0E4356BB2B61449E00A8403E /* ExploreModule.swift */ = {isa = PBXFileReference; lastKnownFileType = sourcecode.swift; path = ExploreModule.swift; sourceTree = "<group>"; };
		0E4356BF2B614A8300A8403E /* ProfileModule.swift */ = {isa = PBXFileReference; lastKnownFileType = sourcecode.swift; path = ProfileModule.swift; sourceTree = "<group>"; };
		0E5CBA9F2A93C5ED005A61FA /* LandmarkTutorial.app */ = {isa = PBXFileReference; explicitFileType = wrapper.application; includeInIndex = 0; path = LandmarkTutorial.app; sourceTree = BUILT_PRODUCTS_DIR; };
		0E5CBAA22A93C5ED005A61FA /* LandmarkTutorialApp.swift */ = {isa = PBXFileReference; lastKnownFileType = sourcecode.swift; path = LandmarkTutorialApp.swift; sourceTree = "<group>"; };
		0E5CBAA42A93C5ED005A61FA /* ContentView.swift */ = {isa = PBXFileReference; lastKnownFileType = sourcecode.swift; path = ContentView.swift; sourceTree = "<group>"; };
		0E5CBAA62A93C5EE005A61FA /* Assets.xcassets */ = {isa = PBXFileReference; lastKnownFileType = folder.assetcatalog; path = Assets.xcassets; sourceTree = "<group>"; };
		0E5CBAA92A93C5EE005A61FA /* Preview Assets.xcassets */ = {isa = PBXFileReference; lastKnownFileType = folder.assetcatalog; path = "Preview Assets.xcassets"; sourceTree = "<group>"; };
		0E5CBAAF2A93C5EE005A61FA /* LandmarkTutorialTests.xctest */ = {isa = PBXFileReference; explicitFileType = wrapper.cfbundle; includeInIndex = 0; path = LandmarkTutorialTests.xctest; sourceTree = BUILT_PRODUCTS_DIR; };
		0E5CBAB32A93C5EE005A61FA /* LandmarkTutorialTests.swift */ = {isa = PBXFileReference; lastKnownFileType = sourcecode.swift; path = LandmarkTutorialTests.swift; sourceTree = "<group>"; };
		0E5CBAB92A93C5EE005A61FA /* LandmarkTutorialUITests.xctest */ = {isa = PBXFileReference; explicitFileType = wrapper.cfbundle; includeInIndex = 0; path = LandmarkTutorialUITests.xctest; sourceTree = BUILT_PRODUCTS_DIR; };
		0E5CBABD2A93C5EE005A61FA /* LandmarkTutorialUITests.swift */ = {isa = PBXFileReference; lastKnownFileType = sourcecode.swift; path = LandmarkTutorialUITests.swift; sourceTree = "<group>"; };
		0E5CBABF2A93C5EE005A61FA /* LandmarkTutorialUITestsLaunchTests.swift */ = {isa = PBXFileReference; lastKnownFileType = sourcecode.swift; path = LandmarkTutorialUITestsLaunchTests.swift; sourceTree = "<group>"; };
		0E5CBACC2A93D299005A61FA /* CircleImage.swift */ = {isa = PBXFileReference; lastKnownFileType = sourcecode.swift; path = CircleImage.swift; sourceTree = "<group>"; };
		0E5CBACE2A93D58F005A61FA /* MapView.swift */ = {isa = PBXFileReference; lastKnownFileType = sourcecode.swift; path = MapView.swift; sourceTree = "<group>"; };
		0E8441B62A94F49200140A23 /* landmarkData.json */ = {isa = PBXFileReference; fileEncoding = 4; lastKnownFileType = text.json; path = landmarkData.json; sourceTree = "<group>"; };
		0E8441BF2A94FF5C00140A23 /* LandmarkRow.swift */ = {isa = PBXFileReference; lastKnownFileType = sourcecode.swift; path = LandmarkRow.swift; sourceTree = "<group>"; };
		0E8441C12A95086900140A23 /* LandmarkList.swift */ = {isa = PBXFileReference; lastKnownFileType = sourcecode.swift; path = LandmarkList.swift; sourceTree = "<group>"; };
		0E8441C32A950A5E00140A23 /* LandmarkDetail.swift */ = {isa = PBXFileReference; lastKnownFileType = sourcecode.swift; path = LandmarkDetail.swift; sourceTree = "<group>"; };
		0EA1D5552B5EAF2500FC92F2 /* LandmarkExploreViewModel.swift */ = {isa = PBXFileReference; lastKnownFileType = sourcecode.swift; path = LandmarkExploreViewModel.swift; sourceTree = "<group>"; };
		0EA1D5572B5EAFFD00FC92F2 /* LandmarkModel.swift */ = {isa = PBXFileReference; lastKnownFileType = sourcecode.swift; path = LandmarkModel.swift; sourceTree = "<group>"; };
		0ED6CAD42B5DB6BF0005CDDD /* LocalUtils.swift */ = {isa = PBXFileReference; lastKnownFileType = sourcecode.swift; path = LocalUtils.swift; sourceTree = "<group>"; };
		0ED6CAD62B5DB7330005CDDD /* Constants.swift */ = {isa = PBXFileReference; lastKnownFileType = sourcecode.swift; path = Constants.swift; sourceTree = "<group>"; };
		0ED6CAD82B5DB9D20005CDDD /* LocalLandmarkDataSource.swift */ = {isa = PBXFileReference; lastKnownFileType = sourcecode.swift; path = LocalLandmarkDataSource.swift; sourceTree = "<group>"; };
		0ED6CADA2B5DC2780005CDDD /* LandmarkResponse.swift */ = {isa = PBXFileReference; lastKnownFileType = sourcecode.swift; path = LandmarkResponse.swift; sourceTree = "<group>"; };
		0ED6CADC2B5DCA5B0005CDDD /* LandmarkRepositoryProtocol.swift */ = {isa = PBXFileReference; lastKnownFileType = sourcecode.swift; path = LandmarkRepositoryProtocol.swift; sourceTree = "<group>"; };
		0ED6CADE2B5DCB1C0005CDDD /* LandmarkEntity.swift */ = {isa = PBXFileReference; lastKnownFileType = sourcecode.swift; path = LandmarkEntity.swift; sourceTree = "<group>"; };
		0ED6CAE02B5DDF230005CDDD /* LandmarkRepository.swift */ = {isa = PBXFileReference; lastKnownFileType = sourcecode.swift; path = LandmarkRepository.swift; sourceTree = "<group>"; };
		0ED6CAE22B5DE3630005CDDD /* GetLandmarkListUseCase.swift */ = {isa = PBXFileReference; lastKnownFileType = sourcecode.swift; path = GetLandmarkListUseCase.swift; sourceTree = "<group>"; };
		0EF368FB2B51AA6200D92996 /* CategoryHome.swift */ = {isa = PBXFileReference; lastKnownFileType = sourcecode.swift; path = CategoryHome.swift; sourceTree = "<group>"; };
		0EF368FD2B51B49C00D92996 /* CategoryRow.swift */ = {isa = PBXFileReference; lastKnownFileType = sourcecode.swift; path = CategoryRow.swift; sourceTree = "<group>"; };
		0EF368FF2B51B65300D92996 /* CategoryItem.swift */ = {isa = PBXFileReference; lastKnownFileType = sourcecode.swift; path = CategoryItem.swift; sourceTree = "<group>"; };
		0EFA01DC2B55947F00AB4689 /* Profile.swift */ = {isa = PBXFileReference; lastKnownFileType = sourcecode.swift; path = Profile.swift; sourceTree = "<group>"; };
		0EFA01DF2B55952400AB4689 /* ProfileHost.swift */ = {isa = PBXFileReference; lastKnownFileType = sourcecode.swift; path = ProfileHost.swift; sourceTree = "<group>"; };
		0EFA01E12B55959B00AB4689 /* ProfileSummary.swift */ = {isa = PBXFileReference; lastKnownFileType = sourcecode.swift; path = ProfileSummary.swift; sourceTree = "<group>"; };
		0EFA01E32B5597E100AB4689 /* HikeBadge.swift */ = {isa = PBXFileReference; lastKnownFileType = sourcecode.swift; path = HikeBadge.swift; sourceTree = "<group>"; };
		0EFA01E52B55A86C00AB4689 /* ProfileEditor.swift */ = {isa = PBXFileReference; lastKnownFileType = sourcecode.swift; path = ProfileEditor.swift; sourceTree = "<group>"; };
		0EFA01E82B55AEE900AB4689 /* PageViewController.swift */ = {isa = PBXFileReference; lastKnownFileType = sourcecode.swift; path = PageViewController.swift; sourceTree = "<group>"; };
		0EFA01EA2B55B0A000AB4689 /* FeatureCard.swift */ = {isa = PBXFileReference; lastKnownFileType = sourcecode.swift; path = FeatureCard.swift; sourceTree = "<group>"; };
		0EFA01EC2B55B21C00AB4689 /* PageView.swift */ = {isa = PBXFileReference; lastKnownFileType = sourcecode.swift; path = PageView.swift; sourceTree = "<group>"; };
		0EFA01EE2B55B82700AB4689 /* PageControl.swift */ = {isa = PBXFileReference; lastKnownFileType = sourcecode.swift; path = PageControl.swift; sourceTree = "<group>"; };
/* End PBXFileReference section */

/* Begin PBXFrameworksBuildPhase section */
		0E0C34812B55ED6D002E5B27 /* Frameworks */ = {
			isa = PBXFrameworksBuildPhase;
			buildActionMask = 2147483647;
			files = (
			);
			runOnlyForDeploymentPostprocessing = 0;
		};
		0E0C34AC2B56823C002E5B27 /* Frameworks */ = {
			isa = PBXFrameworksBuildPhase;
			buildActionMask = 2147483647;
			files = (
			);
			runOnlyForDeploymentPostprocessing = 0;
		};
		0E5CBA9C2A93C5ED005A61FA /* Frameworks */ = {
			isa = PBXFrameworksBuildPhase;
			buildActionMask = 2147483647;
			files = (
			);
			runOnlyForDeploymentPostprocessing = 0;
		};
		0E5CBAAC2A93C5EE005A61FA /* Frameworks */ = {
			isa = PBXFrameworksBuildPhase;
			buildActionMask = 2147483647;
			files = (
			);
			runOnlyForDeploymentPostprocessing = 0;
		};
		0E5CBAB62A93C5EE005A61FA /* Frameworks */ = {
			isa = PBXFrameworksBuildPhase;
			buildActionMask = 2147483647;
			files = (
			);
			runOnlyForDeploymentPostprocessing = 0;
		};
/* End PBXFrameworksBuildPhase section */

/* Begin PBXGroup section */
		0E0C34852B55ED6D002E5B27 /* WatchLandmarks Watch App */ = {
			isa = PBXGroup;
			children = (
				0E0C34882B55ED6D002E5B27 /* ContentView.swift */,
				0E0C34CD2B568A66002E5B27 /* LandmarkList.swift */,
				0E0C34A32B55EEB9002E5B27 /* LandmarkDetail.swift */,
				0E0C34A62B55F426002E5B27 /* NotificationView.swift */,
				0E0C34A82B55F4A8002E5B27 /* NotificationController.swift */,
				0E0C348A2B55ED6E002E5B27 /* Assets.xcassets */,
				0E0C348C2B55ED6E002E5B27 /* Preview Content */,
				0E0C34AA2B55F654002E5B27 /* PushNotificationPayload.apns */,
			);
			path = "WatchLandmarks Watch App";
			sourceTree = "<group>";
		};
		0E0C348C2B55ED6E002E5B27 /* Preview Content */ = {
			isa = PBXGroup;
			children = (
				0E0C348D2B55ED6E002E5B27 /* Preview Assets.xcassets */,
			);
			path = "Preview Content";
			sourceTree = "<group>";
		};
		0E0C34B02B56823C002E5B27 /* MacLandmarks */ = {
			isa = PBXGroup;
			children = (
				0E0C34B32B56823C002E5B27 /* ContentView.swift */,
				0E0C34CB2B56844E002E5B27 /* LandmarkDetail.swift */,
				0E0C34B52B56823E002E5B27 /* Assets.xcassets */,
				0E0C34BA2B56823E002E5B27 /* MacLandmarks.entitlements */,
				0E0C34B72B56823E002E5B27 /* Preview Content */,
				0E0C34D22B569446002E5B27 /* LandmarkSettings.swift */,
			);
			path = MacLandmarks;
			sourceTree = "<group>";
		};
		0E0C34B72B56823E002E5B27 /* Preview Content */ = {
			isa = PBXGroup;
			children = (
				0E0C34B82B56823E002E5B27 /* Preview Assets.xcassets */,
			);
			path = "Preview Content";
			sourceTree = "<group>";
		};
		0E36CC7D2AA0F56100BF9E7B /* Landmark */ = {
			isa = PBXGroup;
			children = (
				0E8441C12A95086900140A23 /* LandmarkList.swift */,
				0E8441BF2A94FF5C00140A23 /* LandmarkRow.swift */,
				0E8441C32A950A5E00140A23 /* LandmarkDetail.swift */,
				0E0C34CF2B568F28002E5B27 /* LandmarkCommands.swift */,
			);
			path = Landmark;
			sourceTree = "<group>";
		};
		0E36CC892AA104CE00BF9E7B /* Badge */ = {
			isa = PBXGroup;
			children = (
				0E36CC832AA102B800BF9E7B /* BadgeSymbol.swift */,
				0E36CC7F2AA0FB3D00BF9E7B /* HexagonParameters.swift */,
				0E36CC812AA0FCEE00BF9E7B /* BadgeBackground.swift */,
				0E36CC872AA103AC00BF9E7B /* Badge.swift */,
				0EFA01E32B5597E100AB4689 /* HikeBadge.swift */,
			);
			path = Badge;
			sourceTree = "<group>";
		};
		0E36CC8E2AA113E800BF9E7B /* Hikes */ = {
			isa = PBXGroup;
			children = (
				0E36CC8F2AA113E800BF9E7B /* GraphCapsule.swift */,
				0E36CC902AA113E800BF9E7B /* HikeGraph.swift */,
				0E36CC912AA113E800BF9E7B /* HikeDetail.swift */,
				0E36CC922AA113E800BF9E7B /* HikeView.swift */,
			);
			path = Hikes;
			sourceTree = "<group>";
		};
		0E3F5C0B2B5FD60000EF497D /* Category */ = {
			isa = PBXGroup;
			children = (
				0EF368FB2B51AA6200D92996 /* CategoryHome.swift */,
				0EF368FD2B51B49C00D92996 /* CategoryRow.swift */,
				0EF368FF2B51B65300D92996 /* CategoryItem.swift */,
			);
			path = Category;
			sourceTree = "<group>";
		};
		0E4356BA2B61444200A8403E /* DI */ = {
			isa = PBXGroup;
			children = (
				0E4356BB2B61449E00A8403E /* ExploreModule.swift */,
				0E4356BF2B614A8300A8403E /* ProfileModule.swift */,
			);
			path = DI;
			sourceTree = "<group>";
		};
		0E5CBA962A93C5ED005A61FA = {
			isa = PBXGroup;
			children = (
				0E5CBAA12A93C5ED005A61FA /* LandmarkTutorial */,
				0E5CBAB22A93C5EE005A61FA /* LandmarkTutorialTests */,
				0E5CBABC2A93C5EE005A61FA /* LandmarkTutorialUITests */,
				0E0C34852B55ED6D002E5B27 /* WatchLandmarks Watch App */,
				0E0C34B02B56823C002E5B27 /* MacLandmarks */,
				0E5CBAA02A93C5ED005A61FA /* Products */,
			);
			sourceTree = "<group>";
		};
		0E5CBAA02A93C5ED005A61FA /* Products */ = {
			isa = PBXGroup;
			children = (
				0E5CBA9F2A93C5ED005A61FA /* LandmarkTutorial.app */,
				0E5CBAAF2A93C5EE005A61FA /* LandmarkTutorialTests.xctest */,
				0E5CBAB92A93C5EE005A61FA /* LandmarkTutorialUITests.xctest */,
				0E0C34842B55ED6D002E5B27 /* WatchLandmarks Watch App.app */,
				0E0C34AF2B56823C002E5B27 /* MacLandmarks.app */,
			);
			name = Products;
			sourceTree = "<group>";
		};
		0E5CBAA12A93C5ED005A61FA /* LandmarkTutorial */ = {
			isa = PBXGroup;
			children = (
				0E4356BA2B61444200A8403E /* DI */,
				0ED6CAA72B5D9CF90005CDDD /* App */,
				0ED6CAA62B5D9CF00005CDDD /* Core */,
				0ED6CAA82B5D9D0C0005CDDD /* Explore */,
				0ED6CAC22B5D9E890005CDDD /* Profile */,
				0E8441BE2A94FD3B00140A23 /* Resources */,
				0E5CBAA82A93C5EE005A61FA /* Preview Content */,
			);
			path = LandmarkTutorial;
			sourceTree = "<group>";
		};
		0E5CBAA82A93C5EE005A61FA /* Preview Content */ = {
			isa = PBXGroup;
			children = (
				0E5CBAA92A93C5EE005A61FA /* Preview Assets.xcassets */,
			);
			path = "Preview Content";
			sourceTree = "<group>";
		};
		0E5CBAB22A93C5EE005A61FA /* LandmarkTutorialTests */ = {
			isa = PBXGroup;
			children = (
				0E5CBAB32A93C5EE005A61FA /* LandmarkTutorialTests.swift */,
			);
			path = LandmarkTutorialTests;
			sourceTree = "<group>";
		};
		0E5CBABC2A93C5EE005A61FA /* LandmarkTutorialUITests */ = {
			isa = PBXGroup;
			children = (
				0E5CBABD2A93C5EE005A61FA /* LandmarkTutorialUITests.swift */,
				0E5CBABF2A93C5EE005A61FA /* LandmarkTutorialUITestsLaunchTests.swift */,
			);
			path = LandmarkTutorialUITests;
			sourceTree = "<group>";
		};
		0E8441BE2A94FD3B00140A23 /* Resources */ = {
			isa = PBXGroup;
			children = (
				0E8441B62A94F49200140A23 /* landmarkData.json */,
				0E36CC8A2AA112B200BF9E7B /* hikeData.json */,
				0E5CBAA62A93C5EE005A61FA /* Assets.xcassets */,
				0E3F5C282B60489100EF497D /* PreviewData.swift */,
			);
			path = Resources;
			sourceTree = "<group>";
		};
		0ED6CAA62B5D9CF00005CDDD /* Core */ = {
			isa = PBXGroup;
			children = (
				0ED6CAD02B5D9EF50005CDDD /* Data */,
				0ED6CACF2B5D9ED70005CDDD /* Presentation */,
			);
			path = Core;
			sourceTree = "<group>";
		};
		0ED6CAA72B5D9CF90005CDDD /* App */ = {
			isa = PBXGroup;
			children = (
				0E5CBAA22A93C5ED005A61FA /* LandmarkTutorialApp.swift */,
			);
			path = App;
			sourceTree = "<group>";
		};
		0ED6CAA82B5D9D0C0005CDDD /* Explore */ = {
			isa = PBXGroup;
			children = (
				0ED6CAA92B5D9D5B0005CDDD /* Presentation */,
				0ED6CAAA2B5D9D640005CDDD /* Domain */,
				0ED6CAAB2B5D9D6C0005CDDD /* Data */,
			);
			path = Explore;
			sourceTree = "<group>";
		};
		0ED6CAA92B5D9D5B0005CDDD /* Presentation */ = {
			isa = PBXGroup;
			children = (
				0ED6CAB42B5D9DFE0005CDDD /* Views */,
				0ED6CAB32B5D9DF70005CDDD /* ViewModels */,
				0ED6CAB22B5D9DF10005CDDD /* Models */,
			);
			path = Presentation;
			sourceTree = "<group>";
		};
		0ED6CAAA2B5D9D640005CDDD /* Domain */ = {
			isa = PBXGroup;
			children = (
				0ED6CAB12B5D9DA90005CDDD /* Usecases */,
				0ED6CAB02B5D9D9E0005CDDD /* Repositories */,
				0ED6CAAF2B5D9D990005CDDD /* Entities */,
			);
			path = Domain;
			sourceTree = "<group>";
		};
		0ED6CAAB2B5D9D6C0005CDDD /* Data */ = {
			isa = PBXGroup;
			children = (
				0ED6CAAE2B5D9D8B0005CDDD /* DataSources */,
				0ED6CAAD2B5D9D850005CDDD /* Repositories */,
				0ED6CAAC2B5D9D7F0005CDDD /* Models */,
			);
			path = Data;
			sourceTree = "<group>";
		};
		0ED6CAAC2B5D9D7F0005CDDD /* Models */ = {
			isa = PBXGroup;
			children = (
				0ED6CADA2B5DC2780005CDDD /* LandmarkResponse.swift */,
			);
			path = Models;
			sourceTree = "<group>";
		};
		0ED6CAAD2B5D9D850005CDDD /* Repositories */ = {
			isa = PBXGroup;
			children = (
				0ED6CAE02B5DDF230005CDDD /* LandmarkRepository.swift */,
			);
			path = Repositories;
			sourceTree = "<group>";
		};
		0ED6CAAE2B5D9D8B0005CDDD /* DataSources */ = {
			isa = PBXGroup;
			children = (
				0ED6CAD82B5DB9D20005CDDD /* LocalLandmarkDataSource.swift */,
			);
			path = DataSources;
			sourceTree = "<group>";
		};
		0ED6CAAF2B5D9D990005CDDD /* Entities */ = {
			isa = PBXGroup;
			children = (
				0ED6CADE2B5DCB1C0005CDDD /* LandmarkEntity.swift */,
			);
			path = Entities;
			sourceTree = "<group>";
		};
		0ED6CAB02B5D9D9E0005CDDD /* Repositories */ = {
			isa = PBXGroup;
			children = (
				0ED6CADC2B5DCA5B0005CDDD /* LandmarkRepositoryProtocol.swift */,
			);
			path = Repositories;
			sourceTree = "<group>";
		};
		0ED6CAB12B5D9DA90005CDDD /* Usecases */ = {
			isa = PBXGroup;
			children = (
				0ED6CAE22B5DE3630005CDDD /* GetLandmarkListUseCase.swift */,
			);
			path = Usecases;
			sourceTree = "<group>";
		};
		0ED6CAB22B5D9DF10005CDDD /* Models */ = {
			isa = PBXGroup;
			children = (
				0EA1D5572B5EAFFD00FC92F2 /* LandmarkModel.swift */,
			);
			path = Models;
			sourceTree = "<group>";
		};
		0ED6CAB32B5D9DF70005CDDD /* ViewModels */ = {
			isa = PBXGroup;
			children = (
				0EA1D5552B5EAF2500FC92F2 /* LandmarkExploreViewModel.swift */,
			);
			path = ViewModels;
			sourceTree = "<group>";
		};
		0ED6CAB42B5D9DFE0005CDDD /* Views */ = {
			isa = PBXGroup;
			children = (
				0EFA01E72B55AECD00AB4689 /* PageView */,
				0E3F5C0B2B5FD60000EF497D /* Category */,
				0E36CC7D2AA0F56100BF9E7B /* Landmark */,
			);
			path = Views;
			sourceTree = "<group>";
		};
		0ED6CAC22B5D9E890005CDDD /* Profile */ = {
			isa = PBXGroup;
			children = (
				0ED6CACB2B5D9E890005CDDD /* Presentation */,
				0ED6CAC72B5D9E890005CDDD /* Domain */,
				0ED6CAC32B5D9E890005CDDD /* Data */,
			);
			path = Profile;
			sourceTree = "<group>";
		};
		0ED6CAC32B5D9E890005CDDD /* Data */ = {
			isa = PBXGroup;
			children = (
				0ED6CAC42B5D9E890005CDDD /* DataSources */,
				0ED6CAC52B5D9E890005CDDD /* Repositories */,
				0ED6CAC62B5D9E890005CDDD /* Models */,
			);
			path = Data;
			sourceTree = "<group>";
		};
		0ED6CAC42B5D9E890005CDDD /* DataSources */ = {
			isa = PBXGroup;
			children = (
				0E3F5C0C2B6034C600EF497D /* LocalHikeDataSource.swift */,
			);
			path = DataSources;
			sourceTree = "<group>";
		};
		0ED6CAC52B5D9E890005CDDD /* Repositories */ = {
			isa = PBXGroup;
			children = (
				0E3F5C142B6037F400EF497D /* HikeRepository.swift */,
			);
			path = Repositories;
			sourceTree = "<group>";
		};
		0ED6CAC62B5D9E890005CDDD /* Models */ = {
			isa = PBXGroup;
			children = (
				0E3F5C0E2B60351400EF497D /* HikeResponse.swift */,
			);
			path = Models;
			sourceTree = "<group>";
		};
		0ED6CAC72B5D9E890005CDDD /* Domain */ = {
			isa = PBXGroup;
			children = (
				0ED6CAC92B5D9E890005CDDD /* Usecases */,
				0ED6CAC82B5D9E890005CDDD /* Repositories */,
				0ED6CACA2B5D9E890005CDDD /* Entities */,
			);
			path = Domain;
			sourceTree = "<group>";
		};
		0ED6CAC82B5D9E890005CDDD /* Repositories */ = {
			isa = PBXGroup;
			children = (
				0E3F5C102B60375F00EF497D /* HikeRepositoryProtocol.swift */,
			);
			path = Repositories;
			sourceTree = "<group>";
		};
		0ED6CAC92B5D9E890005CDDD /* Usecases */ = {
			isa = PBXGroup;
			children = (
				0E3F5C162B603C7F00EF497D /* GetHikeListUseCase.swift */,
			);
			path = Usecases;
			sourceTree = "<group>";
		};
		0ED6CACA2B5D9E890005CDDD /* Entities */ = {
			isa = PBXGroup;
			children = (
				0E3F5C122B6037C000EF497D /* HikeEntity.swift */,
			);
			path = Entities;
			sourceTree = "<group>";
		};
		0ED6CACB2B5D9E890005CDDD /* Presentation */ = {
			isa = PBXGroup;
			children = (
				0ED6CACC2B5D9E890005CDDD /* ViewModels */,
				0ED6CACD2B5D9E890005CDDD /* Models */,
				0ED6CACE2B5D9E890005CDDD /* Views */,
			);
			path = Presentation;
			sourceTree = "<group>";
		};
		0ED6CACC2B5D9E890005CDDD /* ViewModels */ = {
			isa = PBXGroup;
			children = (
				0E3F5C182B603E1C00EF497D /* ProfileViewModel.swift */,
			);
			path = ViewModels;
			sourceTree = "<group>";
		};
		0ED6CACD2B5D9E890005CDDD /* Models */ = {
			isa = PBXGroup;
			children = (
				0EFA01DC2B55947F00AB4689 /* Profile.swift */,
				0E36CC8C2AA1131200BF9E7B /* Hike.swift */,
			);
			path = Models;
			sourceTree = "<group>";
		};
		0ED6CACE2B5D9E890005CDDD /* Views */ = {
			isa = PBXGroup;
			children = (
				0EFA01DE2B55951100AB4689 /* Profiles  */,
				0E36CC892AA104CE00BF9E7B /* Badge */,
				0E36CC8E2AA113E800BF9E7B /* Hikes */,
			);
			path = Views;
			sourceTree = "<group>";
		};
		0ED6CACF2B5D9ED70005CDDD /* Presentation */ = {
			isa = PBXGroup;
			children = (
				0E5CBAA42A93C5ED005A61FA /* ContentView.swift */,
				0ED6CAD12B5D9EFE0005CDDD /* Components */,
			);
			path = Presentation;
			sourceTree = "<group>";
		};
		0ED6CAD02B5D9EF50005CDDD /* Data */ = {
			isa = PBXGroup;
			children = (
				0ED6CAD32B5D9F700005CDDD /* Service */,
				0ED6CAD22B5D9F6A0005CDDD /* Utils */,
			);
			path = Data;
			sourceTree = "<group>";
		};
		0ED6CAD12B5D9EFE0005CDDD /* Components */ = {
			isa = PBXGroup;
			children = (
				0E5CBACC2A93D299005A61FA /* CircleImage.swift */,
				0E5CBACE2A93D58F005A61FA /* MapView.swift */,
				0E36CC852AA1034900BF9E7B /* RotatedBadgeSymbol.swift */,
				0E36CC7B2AA0F39300BF9E7B /* FavoriteButton.swift */,
			);
			path = Components;
			sourceTree = "<group>";
		};
		0ED6CAD22B5D9F6A0005CDDD /* Utils */ = {
			isa = PBXGroup;
			children = (
				0ED6CAD42B5DB6BF0005CDDD /* LocalUtils.swift */,
				0ED6CAD62B5DB7330005CDDD /* Constants.swift */,
			);
			path = Utils;
			sourceTree = "<group>";
		};
		0ED6CAD32B5D9F700005CDDD /* Service */ = {
			isa = PBXGroup;
			children = (
			);
			path = Service;
			sourceTree = "<group>";
		};
		0EFA01DE2B55951100AB4689 /* Profiles  */ = {
			isa = PBXGroup;
			children = (
				0EFA01DF2B55952400AB4689 /* ProfileHost.swift */,
				0EFA01E12B55959B00AB4689 /* ProfileSummary.swift */,
				0EFA01E52B55A86C00AB4689 /* ProfileEditor.swift */,
			);
			path = "Profiles ";
			sourceTree = "<group>";
		};
		0EFA01E72B55AECD00AB4689 /* PageView */ = {
			isa = PBXGroup;
			children = (
				0EFA01E82B55AEE900AB4689 /* PageViewController.swift */,
				0EFA01EA2B55B0A000AB4689 /* FeatureCard.swift */,
				0EFA01EC2B55B21C00AB4689 /* PageView.swift */,
				0EFA01EE2B55B82700AB4689 /* PageControl.swift */,
			);
			path = PageView;
			sourceTree = "<group>";
		};
/* End PBXGroup section */

/* Begin PBXNativeTarget section */
		0E0C34832B55ED6D002E5B27 /* WatchLandmarks Watch App */ = {
			isa = PBXNativeTarget;
			buildConfigurationList = 0E0C34922B55ED6E002E5B27 /* Build configuration list for PBXNativeTarget "WatchLandmarks Watch App" */;
			buildPhases = (
				0E0C34802B55ED6D002E5B27 /* Sources */,
				0E0C34812B55ED6D002E5B27 /* Frameworks */,
				0E0C34822B55ED6D002E5B27 /* Resources */,
			);
			buildRules = (
			);
			dependencies = (
			);
			name = "WatchLandmarks Watch App";
			productName = "WatchLandmarks Watch App";
			productReference = 0E0C34842B55ED6D002E5B27 /* WatchLandmarks Watch App.app */;
			productType = "com.apple.product-type.application";
		};
		0E0C34AE2B56823C002E5B27 /* MacLandmarks */ = {
			isa = PBXNativeTarget;
			buildConfigurationList = 0E0C34BB2B56823E002E5B27 /* Build configuration list for PBXNativeTarget "MacLandmarks" */;
			buildPhases = (
				0E0C34AB2B56823C002E5B27 /* Sources */,
				0E0C34AC2B56823C002E5B27 /* Frameworks */,
				0E0C34AD2B56823C002E5B27 /* Resources */,
			);
			buildRules = (
			);
			dependencies = (
			);
			name = MacLandmarks;
			productName = MacLandmarks;
			productReference = 0E0C34AF2B56823C002E5B27 /* MacLandmarks.app */;
			productType = "com.apple.product-type.application";
		};
		0E5CBA9E2A93C5ED005A61FA /* LandmarkTutorial */ = {
			isa = PBXNativeTarget;
			buildConfigurationList = 0E5CBAC32A93C5EE005A61FA /* Build configuration list for PBXNativeTarget "LandmarkTutorial" */;
			buildPhases = (
				0E5CBA9B2A93C5ED005A61FA /* Sources */,
				0E5CBA9C2A93C5ED005A61FA /* Frameworks */,
				0E5CBA9D2A93C5ED005A61FA /* Resources */,
				0E0C34952B55ED6E002E5B27 /* Embed Watch Content */,
			);
			buildRules = (
			);
			dependencies = (
				0E0C34902B55ED6E002E5B27 /* PBXTargetDependency */,
			);
			name = LandmarkTutorial;
			productName = LandmarkTutorial;
			productReference = 0E5CBA9F2A93C5ED005A61FA /* LandmarkTutorial.app */;
			productType = "com.apple.product-type.application";
		};
		0E5CBAAE2A93C5EE005A61FA /* LandmarkTutorialTests */ = {
			isa = PBXNativeTarget;
			buildConfigurationList = 0E5CBAC62A93C5EE005A61FA /* Build configuration list for PBXNativeTarget "LandmarkTutorialTests" */;
			buildPhases = (
				0E5CBAAB2A93C5EE005A61FA /* Sources */,
				0E5CBAAC2A93C5EE005A61FA /* Frameworks */,
				0E5CBAAD2A93C5EE005A61FA /* Resources */,
			);
			buildRules = (
			);
			dependencies = (
				0E5CBAB12A93C5EE005A61FA /* PBXTargetDependency */,
			);
			name = LandmarkTutorialTests;
			productName = LandmarkTutorialTests;
			productReference = 0E5CBAAF2A93C5EE005A61FA /* LandmarkTutorialTests.xctest */;
			productType = "com.apple.product-type.bundle.unit-test";
		};
		0E5CBAB82A93C5EE005A61FA /* LandmarkTutorialUITests */ = {
			isa = PBXNativeTarget;
			buildConfigurationList = 0E5CBAC92A93C5EE005A61FA /* Build configuration list for PBXNativeTarget "LandmarkTutorialUITests" */;
			buildPhases = (
				0E5CBAB52A93C5EE005A61FA /* Sources */,
				0E5CBAB62A93C5EE005A61FA /* Frameworks */,
				0E5CBAB72A93C5EE005A61FA /* Resources */,
			);
			buildRules = (
			);
			dependencies = (
				0E5CBABB2A93C5EE005A61FA /* PBXTargetDependency */,
			);
			name = LandmarkTutorialUITests;
			productName = LandmarkTutorialUITests;
			productReference = 0E5CBAB92A93C5EE005A61FA /* LandmarkTutorialUITests.xctest */;
			productType = "com.apple.product-type.bundle.ui-testing";
		};
/* End PBXNativeTarget section */

/* Begin PBXProject section */
		0E5CBA972A93C5ED005A61FA /* Project object */ = {
			isa = PBXProject;
			attributes = {
				BuildIndependentTargetsInParallel = 1;
				LastSwiftUpdateCheck = 1500;
				LastUpgradeCheck = 1400;
				TargetAttributes = {
					0E0C34832B55ED6D002E5B27 = {
						CreatedOnToolsVersion = 15.0.1;
					};
					0E0C34AE2B56823C002E5B27 = {
						CreatedOnToolsVersion = 15.0.1;
					};
					0E5CBA9E2A93C5ED005A61FA = {
						CreatedOnToolsVersion = 14.0;
					};
					0E5CBAAE2A93C5EE005A61FA = {
						CreatedOnToolsVersion = 14.0;
						TestTargetID = 0E5CBA9E2A93C5ED005A61FA;
					};
					0E5CBAB82A93C5EE005A61FA = {
						CreatedOnToolsVersion = 14.0;
						TestTargetID = 0E5CBA9E2A93C5ED005A61FA;
					};
				};
			};
			buildConfigurationList = 0E5CBA9A2A93C5ED005A61FA /* Build configuration list for PBXProject "LandmarkTutorial" */;
			compatibilityVersion = "Xcode 14.0";
			developmentRegion = en;
			hasScannedForEncodings = 0;
			knownRegions = (
				en,
				Base,
			);
			mainGroup = 0E5CBA962A93C5ED005A61FA;
			productRefGroup = 0E5CBAA02A93C5ED005A61FA /* Products */;
			projectDirPath = "";
			projectRoot = "";
			targets = (
				0E5CBA9E2A93C5ED005A61FA /* LandmarkTutorial */,
				0E5CBAAE2A93C5EE005A61FA /* LandmarkTutorialTests */,
				0E5CBAB82A93C5EE005A61FA /* LandmarkTutorialUITests */,
				0E0C34832B55ED6D002E5B27 /* WatchLandmarks Watch App */,
				0E0C34AE2B56823C002E5B27 /* MacLandmarks */,
			);
		};
/* End PBXProject section */

/* Begin PBXResourcesBuildPhase section */
		0E0C34822B55ED6D002E5B27 /* Resources */ = {
			isa = PBXResourcesBuildPhase;
			buildActionMask = 2147483647;
			files = (
				0E0C34992B55ED92002E5B27 /* hikeData.json in Resources */,
				0E0C348E2B55ED6E002E5B27 /* Preview Assets.xcassets in Resources */,
				0E0C348B2B55ED6E002E5B27 /* Assets.xcassets in Resources */,
				0E0C34982B55ED92002E5B27 /* landmarkData.json in Resources */,
				0E0C349F2B55ED92002E5B27 /* Assets.xcassets in Resources */,
			);
			runOnlyForDeploymentPostprocessing = 0;
		};
		0E0C34AD2B56823C002E5B27 /* Resources */ = {
			isa = PBXResourcesBuildPhase;
			buildActionMask = 2147483647;
			files = (
				0E0C34B92B56823E002E5B27 /* Preview Assets.xcassets in Resources */,
				0E0C34C42B5682E2002E5B27 /* landmarkData.json in Resources */,
				0E0C34BF2B5682E2002E5B27 /* Assets.xcassets in Resources */,
				0E0C34B62B56823E002E5B27 /* Assets.xcassets in Resources */,
				0E0C34C62B5682E2002E5B27 /* hikeData.json in Resources */,
			);
			runOnlyForDeploymentPostprocessing = 0;
		};
		0E5CBA9D2A93C5ED005A61FA /* Resources */ = {
			isa = PBXResourcesBuildPhase;
			buildActionMask = 2147483647;
			files = (
				0E36CC8B2AA112B200BF9E7B /* hikeData.json in Resources */,
				0E5CBAAA2A93C5EE005A61FA /* Preview Assets.xcassets in Resources */,
				0E5CBAA72A93C5EE005A61FA /* Assets.xcassets in Resources */,
				0E8441B72A94F49200140A23 /* landmarkData.json in Resources */,
			);
			runOnlyForDeploymentPostprocessing = 0;
		};
		0E5CBAAD2A93C5EE005A61FA /* Resources */ = {
			isa = PBXResourcesBuildPhase;
			buildActionMask = 2147483647;
			files = (
			);
			runOnlyForDeploymentPostprocessing = 0;
		};
		0E5CBAB72A93C5EE005A61FA /* Resources */ = {
			isa = PBXResourcesBuildPhase;
			buildActionMask = 2147483647;
			files = (
			);
			runOnlyForDeploymentPostprocessing = 0;
		};
/* End PBXResourcesBuildPhase section */

/* Begin PBXSourcesBuildPhase section */
		0E0C34802B55ED6D002E5B27 /* Sources */ = {
			isa = PBXSourcesBuildPhase;
			buildActionMask = 2147483647;
			files = (
				0E1BFD112B5ECF0300C84846 /* LocalLandmarkDataSource.swift in Sources */,
				0E3F5C212B60400800EF497D /* ProfileViewModel.swift in Sources */,
				0E1BFD1A2B5ED10500C84846 /* Constants.swift in Sources */,
				0E0C34892B55ED6D002E5B27 /* ContentView.swift in Sources */,
				0E1BFD182B5ED10200C84846 /* LocalUtils.swift in Sources */,
				0E1BFD122B5ECF0300C84846 /* LandmarkRepository.swift in Sources */,
				0E3F5C262B60400800EF497D /* HikeRepositoryProtocol.swift in Sources */,
				0E3F5C252B60400800EF497D /* HikeRepository.swift in Sources */,
				0E0C349E2B55ED92002E5B27 /* MapView.swift in Sources */,
				0E1BFD0D2B5ECEC900C84846 /* LandmarkEntity.swift in Sources */,
				0E1BFD102B5ECF0300C84846 /* LandmarkRepositoryProtocol.swift in Sources */,
				0E0C34CE2B568A66002E5B27 /* LandmarkList.swift in Sources */,
				0E0C349B2B55ED92002E5B27 /* Profile.swift in Sources */,
				0E3F5C272B60400800EF497D /* HikeEntity.swift in Sources */,
				0E0C349C2B55ED92002E5B27 /* LandmarkRow.swift in Sources */,
				0E4356BD2B6149CB00A8403E /* ExploreModule.swift in Sources */,
				0E1BFD082B5ECC1800C84846 /* LandmarkModel.swift in Sources */,
				0E0C349A2B55ED92002E5B27 /* Hike.swift in Sources */,
				0E3F5C2A2B60495A00EF497D /* PreviewData.swift in Sources */,
				0E1BFD0A2B5ECD8B00C84846 /* LandmarkExploreViewModel.swift in Sources */,
				0E1BFD0E2B5ECEDB00C84846 /* LandmarkResponse.swift in Sources */,
				0E1BFD132B5ECF0300C84846 /* GetLandmarkListUseCase.swift in Sources */,
				0E0C34A42B55EEB9002E5B27 /* LandmarkDetail.swift in Sources */,
				0E3F5C242B60400800EF497D /* GetHikeListUseCase.swift in Sources */,
				0E3F5C222B60400800EF497D /* LocalHikeDataSource.swift in Sources */,
				0E0C34A92B55F4A8002E5B27 /* NotificationController.swift in Sources */,
				0E3F5C232B60400800EF497D /* HikeResponse.swift in Sources */,
				0E0C34972B55ED92002E5B27 /* CircleImage.swift in Sources */,
				0E0C34A52B55F015002E5B27 /* LandmarkTutorialApp.swift in Sources */,
				0E0C34A72B55F426002E5B27 /* NotificationView.swift in Sources */,
			);
			runOnlyForDeploymentPostprocessing = 0;
		};
		0E0C34AB2B56823C002E5B27 /* Sources */ = {
			isa = PBXSourcesBuildPhase;
			buildActionMask = 2147483647;
			files = (
				0E0C34B42B56823C002E5B27 /* ContentView.swift in Sources */,
				0E0C34BE2B5682E2002E5B27 /* MapView.swift in Sources */,
				0E1BFD142B5ECF0400C84846 /* LandmarkRepositoryProtocol.swift in Sources */,
				0E3F5C1A2B60400700EF497D /* ProfileViewModel.swift in Sources */,
				0E1BFD0B2B5ECD8C00C84846 /* LandmarkExploreViewModel.swift in Sources */,
				0E1BFD152B5ECF0400C84846 /* LocalLandmarkDataSource.swift in Sources */,
				0E1BFD192B5ED10200C84846 /* LocalUtils.swift in Sources */,
				0E3F5C1F2B60400700EF497D /* HikeRepositoryProtocol.swift in Sources */,
				0E1BFD1B2B5ED10600C84846 /* Constants.swift in Sources */,
				0E3F5C1E2B60400700EF497D /* HikeRepository.swift in Sources */,
				0E0C34D42B569446002E5B27 /* LandmarkSettings.swift in Sources */,
				0E1BFD172B5ECF0400C84846 /* GetLandmarkListUseCase.swift in Sources */,
				0E0C34C12B5682E2002E5B27 /* LandmarkRow.swift in Sources */,
				0E0C34C72B5682E2002E5B27 /* LandmarkTutorialApp.swift in Sources */,
				0E1BFD0C2B5ECEC800C84846 /* LandmarkEntity.swift in Sources */,
				0E3F5C1D2B60400700EF497D /* GetHikeListUseCase.swift in Sources */,
				0E1BFD162B5ECF0400C84846 /* LandmarkRepository.swift in Sources */,
				0E0C34D12B568F28002E5B27 /* LandmarkCommands.swift in Sources */,
				0E1BFD0F2B5ECEDC00C84846 /* LandmarkResponse.swift in Sources */,
				0E0C34CC2B56844E002E5B27 /* LandmarkDetail.swift in Sources */,
				0E3F5C2B2B60495A00EF497D /* PreviewData.swift in Sources */,
				0E0C34C52B5682E2002E5B27 /* Hike.swift in Sources */,
				0E3F5C1B2B60400700EF497D /* LocalHikeDataSource.swift in Sources */,
				0E3F5C1C2B60400700EF497D /* HikeResponse.swift in Sources */,
				0E4356BE2B6149CB00A8403E /* ExploreModule.swift in Sources */,
				0E0C34C32B5682E2002E5B27 /* FavoriteButton.swift in Sources */,
				0E1BFD092B5ECC1A00C84846 /* LandmarkModel.swift in Sources */,
				0E0C34C82B5682E2002E5B27 /* Profile.swift in Sources */,
				0E0C34C22B5682E2002E5B27 /* LandmarkList.swift in Sources */,
				0E0C34C92B5682E2002E5B27 /* CircleImage.swift in Sources */,
				0E3F5C202B60400700EF497D /* HikeEntity.swift in Sources */,
			);
			runOnlyForDeploymentPostprocessing = 0;
		};
		0E5CBA9B2A93C5ED005A61FA /* Sources */ = {
			isa = PBXSourcesBuildPhase;
			buildActionMask = 2147483647;
			files = (
				0E3F5C292B60489100EF497D /* PreviewData.swift in Sources */,
				0E4356C02B614A8300A8403E /* ProfileModule.swift in Sources */,
				0E3F5C152B6037F400EF497D /* HikeRepository.swift in Sources */,
				0E3F5C132B6037C000EF497D /* HikeEntity.swift in Sources */,
				0EF368FE2B51B49C00D92996 /* CategoryRow.swift in Sources */,
				0E3F5C0F2B60351400EF497D /* HikeResponse.swift in Sources */,
				0E3F5C112B60375F00EF497D /* HikeRepositoryProtocol.swift in Sources */,
				0EFA01DD2B55947F00AB4689 /* Profile.swift in Sources */,
				0E0C34D02B568F28002E5B27 /* LandmarkCommands.swift in Sources */,
				0E5CBAA52A93C5ED005A61FA /* ContentView.swift in Sources */,
				0ED6CADD2B5DCA5B0005CDDD /* LandmarkRepositoryProtocol.swift in Sources */,
				0EF368FC2B51AA6200D92996 /* CategoryHome.swift in Sources */,
				0EFA01EB2B55B0A000AB4689 /* FeatureCard.swift in Sources */,
				0E4356BC2B61449E00A8403E /* ExploreModule.swift in Sources */,
				0E36CC942AA113E800BF9E7B /* HikeGraph.swift in Sources */,
				0EA1D5562B5EAF2500FC92F2 /* LandmarkExploreViewModel.swift in Sources */,
				0ED6CAD92B5DB9D20005CDDD /* LocalLandmarkDataSource.swift in Sources */,
				0E36CC882AA103AC00BF9E7B /* Badge.swift in Sources */,
				0E5CBACF2A93D58F005A61FA /* MapView.swift in Sources */,
				0E36CC932AA113E800BF9E7B /* GraphCapsule.swift in Sources */,
				0E5CBAA32A93C5ED005A61FA /* LandmarkTutorialApp.swift in Sources */,
				0EFA01EF2B55B82700AB4689 /* PageControl.swift in Sources */,
				0E36CC7C2AA0F39300BF9E7B /* FavoriteButton.swift in Sources */,
				0EF369002B51B65300D92996 /* CategoryItem.swift in Sources */,
				0E36CC952AA113E800BF9E7B /* HikeDetail.swift in Sources */,
				0EFA01E22B55959B00AB4689 /* ProfileSummary.swift in Sources */,
				0E36CC802AA0FB3D00BF9E7B /* HexagonParameters.swift in Sources */,
				0EFA01E02B55952400AB4689 /* ProfileHost.swift in Sources */,
				0E36CC8D2AA1131200BF9E7B /* Hike.swift in Sources */,
				0E3F5C172B603C7F00EF497D /* GetHikeListUseCase.swift in Sources */,
				0E36CC862AA1034900BF9E7B /* RotatedBadgeSymbol.swift in Sources */,
				0ED6CADF2B5DCB1C0005CDDD /* LandmarkEntity.swift in Sources */,
				0E0C34D32B569446002E5B27 /* LandmarkSettings.swift in Sources */,
				0EFA01ED2B55B21C00AB4689 /* PageView.swift in Sources */,
				0E36CC842AA102B800BF9E7B /* BadgeSymbol.swift in Sources */,
				0ED6CAD52B5DB6BF0005CDDD /* LocalUtils.swift in Sources */,
				0EFA01E62B55A86C00AB4689 /* ProfileEditor.swift in Sources */,
				0E8441C22A95086900140A23 /* LandmarkList.swift in Sources */,
				0E36CC962AA113E800BF9E7B /* HikeView.swift in Sources */,
				0EA1D5582B5EAFFD00FC92F2 /* LandmarkModel.swift in Sources */,
				0E8441C42A950A5E00140A23 /* LandmarkDetail.swift in Sources */,
				0EFA01E92B55AEE900AB4689 /* PageViewController.swift in Sources */,
				0ED6CAE12B5DDF230005CDDD /* LandmarkRepository.swift in Sources */,
				0E36CC822AA0FCEE00BF9E7B /* BadgeBackground.swift in Sources */,
				0EFA01E42B5597E100AB4689 /* HikeBadge.swift in Sources */,
				0E5CBACD2A93D299005A61FA /* CircleImage.swift in Sources */,
				0E8441C02A94FF5C00140A23 /* LandmarkRow.swift in Sources */,
				0E3F5C0D2B6034C600EF497D /* LocalHikeDataSource.swift in Sources */,
				0E3F5C192B603E1C00EF497D /* ProfileViewModel.swift in Sources */,
				0ED6CADB2B5DC2780005CDDD /* LandmarkResponse.swift in Sources */,
				0ED6CAE32B5DE3630005CDDD /* GetLandmarkListUseCase.swift in Sources */,
				0ED6CAD72B5DB7330005CDDD /* Constants.swift in Sources */,
			);
			runOnlyForDeploymentPostprocessing = 0;
		};
		0E5CBAAB2A93C5EE005A61FA /* Sources */ = {
			isa = PBXSourcesBuildPhase;
			buildActionMask = 2147483647;
			files = (
				0E5CBAB42A93C5EE005A61FA /* LandmarkTutorialTests.swift in Sources */,
			);
			runOnlyForDeploymentPostprocessing = 0;
		};
		0E5CBAB52A93C5EE005A61FA /* Sources */ = {
			isa = PBXSourcesBuildPhase;
			buildActionMask = 2147483647;
			files = (
				0E5CBAC02A93C5EE005A61FA /* LandmarkTutorialUITestsLaunchTests.swift in Sources */,
				0E5CBABE2A93C5EE005A61FA /* LandmarkTutorialUITests.swift in Sources */,
			);
			runOnlyForDeploymentPostprocessing = 0;
		};
/* End PBXSourcesBuildPhase section */

/* Begin PBXTargetDependency section */
		0E0C34902B55ED6E002E5B27 /* PBXTargetDependency */ = {
			isa = PBXTargetDependency;
			target = 0E0C34832B55ED6D002E5B27 /* WatchLandmarks Watch App */;
			targetProxy = 0E0C348F2B55ED6E002E5B27 /* PBXContainerItemProxy */;
		};
		0E5CBAB12A93C5EE005A61FA /* PBXTargetDependency */ = {
			isa = PBXTargetDependency;
			target = 0E5CBA9E2A93C5ED005A61FA /* LandmarkTutorial */;
			targetProxy = 0E5CBAB02A93C5EE005A61FA /* PBXContainerItemProxy */;
		};
		0E5CBABB2A93C5EE005A61FA /* PBXTargetDependency */ = {
			isa = PBXTargetDependency;
			target = 0E5CBA9E2A93C5ED005A61FA /* LandmarkTutorial */;
			targetProxy = 0E5CBABA2A93C5EE005A61FA /* PBXContainerItemProxy */;
		};
/* End PBXTargetDependency section */

/* Begin XCBuildConfiguration section */
		0E0C34932B55ED6E002E5B27 /* Debug */ = {
			isa = XCBuildConfiguration;
			buildSettings = {
				ASSETCATALOG_COMPILER_APPICON_NAME = AppIcon;
				ASSETCATALOG_COMPILER_GENERATE_SWIFT_ASSET_SYMBOL_EXTENSIONS = YES;
				ASSETCATALOG_COMPILER_GLOBAL_ACCENT_COLOR_NAME = AccentColor;
				CODE_SIGN_STYLE = Automatic;
				CURRENT_PROJECT_VERSION = 1;
				DEVELOPMENT_ASSET_PATHS = "\"WatchLandmarks Watch App/Preview Content\"";
				ENABLE_PREVIEWS = YES;
				ENABLE_USER_SCRIPT_SANDBOXING = YES;
				GCC_C_LANGUAGE_STANDARD = gnu17;
				GENERATE_INFOPLIST_FILE = YES;
				INFOPLIST_KEY_CFBundleDisplayName = WatchLandmarks;
				INFOPLIST_KEY_UISupportedInterfaceOrientations = "UIInterfaceOrientationPortrait UIInterfaceOrientationPortraitUpsideDown";
				INFOPLIST_KEY_WKCompanionAppBundleIdentifier = com.sample.LandmarkTutorial;
				INFOPLIST_KEY_WKRunsIndependentlyOfCompanionApp = YES;
				LD_RUNPATH_SEARCH_PATHS = (
					"$(inherited)",
					"@executable_path/Frameworks",
				);
				LOCALIZATION_PREFERS_STRING_CATALOGS = YES;
				MARKETING_VERSION = 1.0;
				PRODUCT_BUNDLE_IDENTIFIER = com.sample.LandmarkTutorial.watchkitapp;
				PRODUCT_NAME = "$(TARGET_NAME)";
				SDKROOT = watchos;
				SKIP_INSTALL = YES;
				SWIFT_ACTIVE_COMPILATION_CONDITIONS = "DEBUG $(inherited)";
				SWIFT_EMIT_LOC_STRINGS = YES;
				SWIFT_VERSION = 5.0;
				TARGETED_DEVICE_FAMILY = 4;
				WATCHOS_DEPLOYMENT_TARGET = 10.0;
			};
			name = Debug;
		};
		0E0C34942B55ED6E002E5B27 /* Release */ = {
			isa = XCBuildConfiguration;
			buildSettings = {
				ASSETCATALOG_COMPILER_APPICON_NAME = AppIcon;
				ASSETCATALOG_COMPILER_GENERATE_SWIFT_ASSET_SYMBOL_EXTENSIONS = YES;
				ASSETCATALOG_COMPILER_GLOBAL_ACCENT_COLOR_NAME = AccentColor;
				CODE_SIGN_STYLE = Automatic;
				CURRENT_PROJECT_VERSION = 1;
				DEVELOPMENT_ASSET_PATHS = "\"WatchLandmarks Watch App/Preview Content\"";
				ENABLE_PREVIEWS = YES;
				ENABLE_USER_SCRIPT_SANDBOXING = YES;
				GCC_C_LANGUAGE_STANDARD = gnu17;
				GENERATE_INFOPLIST_FILE = YES;
				INFOPLIST_KEY_CFBundleDisplayName = WatchLandmarks;
				INFOPLIST_KEY_UISupportedInterfaceOrientations = "UIInterfaceOrientationPortrait UIInterfaceOrientationPortraitUpsideDown";
				INFOPLIST_KEY_WKCompanionAppBundleIdentifier = com.sample.LandmarkTutorial;
				INFOPLIST_KEY_WKRunsIndependentlyOfCompanionApp = YES;
				LD_RUNPATH_SEARCH_PATHS = (
					"$(inherited)",
					"@executable_path/Frameworks",
				);
				LOCALIZATION_PREFERS_STRING_CATALOGS = YES;
				MARKETING_VERSION = 1.0;
				PRODUCT_BUNDLE_IDENTIFIER = com.sample.LandmarkTutorial.watchkitapp;
				PRODUCT_NAME = "$(TARGET_NAME)";
				SDKROOT = watchos;
				SKIP_INSTALL = YES;
				SWIFT_EMIT_LOC_STRINGS = YES;
				SWIFT_VERSION = 5.0;
				TARGETED_DEVICE_FAMILY = 4;
				WATCHOS_DEPLOYMENT_TARGET = 10.0;
			};
			name = Release;
		};
		0E0C34BC2B56823E002E5B27 /* Debug */ = {
			isa = XCBuildConfiguration;
			buildSettings = {
				ASSETCATALOG_COMPILER_APPICON_NAME = AppIcon;
				ASSETCATALOG_COMPILER_GENERATE_SWIFT_ASSET_SYMBOL_EXTENSIONS = YES;
				ASSETCATALOG_COMPILER_GLOBAL_ACCENT_COLOR_NAME = AccentColor;
				CODE_SIGN_ENTITLEMENTS = MacLandmarks/MacLandmarks.entitlements;
				CODE_SIGN_STYLE = Automatic;
				COMBINE_HIDPI_IMAGES = YES;
				CURRENT_PROJECT_VERSION = 1;
				DEVELOPMENT_ASSET_PATHS = "\"MacLandmarks/Preview Content\"";
				ENABLE_PREVIEWS = YES;
				ENABLE_USER_SCRIPT_SANDBOXING = YES;
				GCC_C_LANGUAGE_STANDARD = gnu17;
				GENERATE_INFOPLIST_FILE = YES;
				INFOPLIST_KEY_NSHumanReadableCopyright = "";
				LD_RUNPATH_SEARCH_PATHS = (
					"$(inherited)",
					"@executable_path/../Frameworks",
				);
				LOCALIZATION_PREFERS_STRING_CATALOGS = YES;
				MACOSX_DEPLOYMENT_TARGET = 14.0;
				MARKETING_VERSION = 1.0;
				PRODUCT_BUNDLE_IDENTIFIER = com.sample.MacLandmarks;
				PRODUCT_NAME = "$(TARGET_NAME)";
				SDKROOT = macosx;
				SWIFT_ACTIVE_COMPILATION_CONDITIONS = "DEBUG $(inherited)";
				SWIFT_EMIT_LOC_STRINGS = YES;
				SWIFT_VERSION = 5.0;
			};
			name = Debug;
		};
		0E0C34BD2B56823E002E5B27 /* Release */ = {
			isa = XCBuildConfiguration;
			buildSettings = {
				ASSETCATALOG_COMPILER_APPICON_NAME = AppIcon;
				ASSETCATALOG_COMPILER_GENERATE_SWIFT_ASSET_SYMBOL_EXTENSIONS = YES;
				ASSETCATALOG_COMPILER_GLOBAL_ACCENT_COLOR_NAME = AccentColor;
				CODE_SIGN_ENTITLEMENTS = MacLandmarks/MacLandmarks.entitlements;
				CODE_SIGN_STYLE = Automatic;
				COMBINE_HIDPI_IMAGES = YES;
				CURRENT_PROJECT_VERSION = 1;
				DEVELOPMENT_ASSET_PATHS = "\"MacLandmarks/Preview Content\"";
				ENABLE_PREVIEWS = YES;
				ENABLE_USER_SCRIPT_SANDBOXING = YES;
				GCC_C_LANGUAGE_STANDARD = gnu17;
				GENERATE_INFOPLIST_FILE = YES;
				INFOPLIST_KEY_NSHumanReadableCopyright = "";
				LD_RUNPATH_SEARCH_PATHS = (
					"$(inherited)",
					"@executable_path/../Frameworks",
				);
				LOCALIZATION_PREFERS_STRING_CATALOGS = YES;
				MACOSX_DEPLOYMENT_TARGET = 14.0;
				MARKETING_VERSION = 1.0;
				PRODUCT_BUNDLE_IDENTIFIER = com.sample.MacLandmarks;
				PRODUCT_NAME = "$(TARGET_NAME)";
				SDKROOT = macosx;
				SWIFT_EMIT_LOC_STRINGS = YES;
				SWIFT_VERSION = 5.0;
			};
			name = Release;
		};
		0E5CBAC12A93C5EE005A61FA /* Debug */ = {
			isa = XCBuildConfiguration;
			buildSettings = {
				ALWAYS_SEARCH_USER_PATHS = NO;
				CLANG_ANALYZER_NONNULL = YES;
				CLANG_ANALYZER_NUMBER_OBJECT_CONVERSION = YES_AGGRESSIVE;
				CLANG_CXX_LANGUAGE_STANDARD = "gnu++20";
				CLANG_ENABLE_MODULES = YES;
				CLANG_ENABLE_OBJC_ARC = YES;
				CLANG_ENABLE_OBJC_WEAK = YES;
				CLANG_WARN_BLOCK_CAPTURE_AUTORELEASING = YES;
				CLANG_WARN_BOOL_CONVERSION = YES;
				CLANG_WARN_COMMA = YES;
				CLANG_WARN_CONSTANT_CONVERSION = YES;
				CLANG_WARN_DEPRECATED_OBJC_IMPLEMENTATIONS = YES;
				CLANG_WARN_DIRECT_OBJC_ISA_USAGE = YES_ERROR;
				CLANG_WARN_DOCUMENTATION_COMMENTS = YES;
				CLANG_WARN_EMPTY_BODY = YES;
				CLANG_WARN_ENUM_CONVERSION = YES;
				CLANG_WARN_INFINITE_RECURSION = YES;
				CLANG_WARN_INT_CONVERSION = YES;
				CLANG_WARN_NON_LITERAL_NULL_CONVERSION = YES;
				CLANG_WARN_OBJC_IMPLICIT_RETAIN_SELF = YES;
				CLANG_WARN_OBJC_LITERAL_CONVERSION = YES;
				CLANG_WARN_OBJC_ROOT_CLASS = YES_ERROR;
				CLANG_WARN_QUOTED_INCLUDE_IN_FRAMEWORK_HEADER = YES;
				CLANG_WARN_RANGE_LOOP_ANALYSIS = YES;
				CLANG_WARN_STRICT_PROTOTYPES = YES;
				CLANG_WARN_SUSPICIOUS_MOVE = YES;
				CLANG_WARN_UNGUARDED_AVAILABILITY = YES_AGGRESSIVE;
				CLANG_WARN_UNREACHABLE_CODE = YES;
				CLANG_WARN__DUPLICATE_METHOD_MATCH = YES;
				COPY_PHASE_STRIP = NO;
				DEBUG_INFORMATION_FORMAT = dwarf;
				ENABLE_STRICT_OBJC_MSGSEND = YES;
				ENABLE_TESTABILITY = YES;
				GCC_C_LANGUAGE_STANDARD = gnu11;
				GCC_DYNAMIC_NO_PIC = NO;
				GCC_NO_COMMON_BLOCKS = YES;
				GCC_OPTIMIZATION_LEVEL = 0;
				GCC_PREPROCESSOR_DEFINITIONS = (
					"DEBUG=1",
					"$(inherited)",
				);
				GCC_WARN_64_TO_32_BIT_CONVERSION = YES;
				GCC_WARN_ABOUT_RETURN_TYPE = YES_ERROR;
				GCC_WARN_UNDECLARED_SELECTOR = YES;
				GCC_WARN_UNINITIALIZED_AUTOS = YES_AGGRESSIVE;
				GCC_WARN_UNUSED_FUNCTION = YES;
				GCC_WARN_UNUSED_VARIABLE = YES;
				IPHONEOS_DEPLOYMENT_TARGET = 16.0;
				MTL_ENABLE_DEBUG_INFO = INCLUDE_SOURCE;
				MTL_FAST_MATH = YES;
				ONLY_ACTIVE_ARCH = YES;
				SDKROOT = iphoneos;
				SWIFT_ACTIVE_COMPILATION_CONDITIONS = DEBUG;
				SWIFT_OPTIMIZATION_LEVEL = "-Onone";
			};
			name = Debug;
		};
		0E5CBAC22A93C5EE005A61FA /* Release */ = {
			isa = XCBuildConfiguration;
			buildSettings = {
				ALWAYS_SEARCH_USER_PATHS = NO;
				CLANG_ANALYZER_NONNULL = YES;
				CLANG_ANALYZER_NUMBER_OBJECT_CONVERSION = YES_AGGRESSIVE;
				CLANG_CXX_LANGUAGE_STANDARD = "gnu++20";
				CLANG_ENABLE_MODULES = YES;
				CLANG_ENABLE_OBJC_ARC = YES;
				CLANG_ENABLE_OBJC_WEAK = YES;
				CLANG_WARN_BLOCK_CAPTURE_AUTORELEASING = YES;
				CLANG_WARN_BOOL_CONVERSION = YES;
				CLANG_WARN_COMMA = YES;
				CLANG_WARN_CONSTANT_CONVERSION = YES;
				CLANG_WARN_DEPRECATED_OBJC_IMPLEMENTATIONS = YES;
				CLANG_WARN_DIRECT_OBJC_ISA_USAGE = YES_ERROR;
				CLANG_WARN_DOCUMENTATION_COMMENTS = YES;
				CLANG_WARN_EMPTY_BODY = YES;
				CLANG_WARN_ENUM_CONVERSION = YES;
				CLANG_WARN_INFINITE_RECURSION = YES;
				CLANG_WARN_INT_CONVERSION = YES;
				CLANG_WARN_NON_LITERAL_NULL_CONVERSION = YES;
				CLANG_WARN_OBJC_IMPLICIT_RETAIN_SELF = YES;
				CLANG_WARN_OBJC_LITERAL_CONVERSION = YES;
				CLANG_WARN_OBJC_ROOT_CLASS = YES_ERROR;
				CLANG_WARN_QUOTED_INCLUDE_IN_FRAMEWORK_HEADER = YES;
				CLANG_WARN_RANGE_LOOP_ANALYSIS = YES;
				CLANG_WARN_STRICT_PROTOTYPES = YES;
				CLANG_WARN_SUSPICIOUS_MOVE = YES;
				CLANG_WARN_UNGUARDED_AVAILABILITY = YES_AGGRESSIVE;
				CLANG_WARN_UNREACHABLE_CODE = YES;
				CLANG_WARN__DUPLICATE_METHOD_MATCH = YES;
				COPY_PHASE_STRIP = NO;
				DEBUG_INFORMATION_FORMAT = "dwarf-with-dsym";
				ENABLE_NS_ASSERTIONS = NO;
				ENABLE_STRICT_OBJC_MSGSEND = YES;
				GCC_C_LANGUAGE_STANDARD = gnu11;
				GCC_NO_COMMON_BLOCKS = YES;
				GCC_WARN_64_TO_32_BIT_CONVERSION = YES;
				GCC_WARN_ABOUT_RETURN_TYPE = YES_ERROR;
				GCC_WARN_UNDECLARED_SELECTOR = YES;
				GCC_WARN_UNINITIALIZED_AUTOS = YES_AGGRESSIVE;
				GCC_WARN_UNUSED_FUNCTION = YES;
				GCC_WARN_UNUSED_VARIABLE = YES;
				IPHONEOS_DEPLOYMENT_TARGET = 16.0;
				MTL_ENABLE_DEBUG_INFO = NO;
				MTL_FAST_MATH = YES;
				SDKROOT = iphoneos;
				SWIFT_COMPILATION_MODE = wholemodule;
				SWIFT_OPTIMIZATION_LEVEL = "-O";
				VALIDATE_PRODUCT = YES;
			};
			name = Release;
		};
		0E5CBAC42A93C5EE005A61FA /* Debug */ = {
			isa = XCBuildConfiguration;
			buildSettings = {
				ALWAYS_EMBED_SWIFT_STANDARD_LIBRARIES = YES;
				ASSETCATALOG_COMPILER_APPICON_NAME = AppIcon;
				ASSETCATALOG_COMPILER_GLOBAL_ACCENT_COLOR_NAME = AccentColor;
				CODE_SIGN_STYLE = Automatic;
				CURRENT_PROJECT_VERSION = 1;
				DEVELOPMENT_ASSET_PATHS = "\"LandmarkTutorial/Preview Content\"";
				ENABLE_PREVIEWS = YES;
				GENERATE_INFOPLIST_FILE = YES;
				INFOPLIST_KEY_UIApplicationSceneManifest_Generation = YES;
				INFOPLIST_KEY_UIApplicationSupportsIndirectInputEvents = YES;
				INFOPLIST_KEY_UILaunchScreen_Generation = YES;
				INFOPLIST_KEY_UISupportedInterfaceOrientations_iPad = "UIInterfaceOrientationPortrait UIInterfaceOrientationPortraitUpsideDown UIInterfaceOrientationLandscapeLeft UIInterfaceOrientationLandscapeRight";
				INFOPLIST_KEY_UISupportedInterfaceOrientations_iPhone = "UIInterfaceOrientationPortrait UIInterfaceOrientationLandscapeLeft UIInterfaceOrientationLandscapeRight";
				LD_RUNPATH_SEARCH_PATHS = (
					"$(inherited)",
					"@executable_path/Frameworks",
				);
				MARKETING_VERSION = 1.0;
				PRODUCT_BUNDLE_IDENTIFIER = com.sample.LandmarkTutorial;
				PRODUCT_NAME = "$(TARGET_NAME)";
				SWIFT_EMIT_LOC_STRINGS = YES;
				SWIFT_VERSION = 5.0;
				TARGETED_DEVICE_FAMILY = "1,2";
			};
			name = Debug;
		};
		0E5CBAC52A93C5EE005A61FA /* Release */ = {
			isa = XCBuildConfiguration;
			buildSettings = {
				ALWAYS_EMBED_SWIFT_STANDARD_LIBRARIES = YES;
				ASSETCATALOG_COMPILER_APPICON_NAME = AppIcon;
				ASSETCATALOG_COMPILER_GLOBAL_ACCENT_COLOR_NAME = AccentColor;
				CODE_SIGN_STYLE = Automatic;
				CURRENT_PROJECT_VERSION = 1;
				DEVELOPMENT_ASSET_PATHS = "\"LandmarkTutorial/Preview Content\"";
				ENABLE_PREVIEWS = YES;
				GENERATE_INFOPLIST_FILE = YES;
				INFOPLIST_KEY_UIApplicationSceneManifest_Generation = YES;
				INFOPLIST_KEY_UIApplicationSupportsIndirectInputEvents = YES;
				INFOPLIST_KEY_UILaunchScreen_Generation = YES;
				INFOPLIST_KEY_UISupportedInterfaceOrientations_iPad = "UIInterfaceOrientationPortrait UIInterfaceOrientationPortraitUpsideDown UIInterfaceOrientationLandscapeLeft UIInterfaceOrientationLandscapeRight";
				INFOPLIST_KEY_UISupportedInterfaceOrientations_iPhone = "UIInterfaceOrientationPortrait UIInterfaceOrientationLandscapeLeft UIInterfaceOrientationLandscapeRight";
				LD_RUNPATH_SEARCH_PATHS = (
					"$(inherited)",
					"@executable_path/Frameworks",
				);
				MARKETING_VERSION = 1.0;
				PRODUCT_BUNDLE_IDENTIFIER = com.sample.LandmarkTutorial;
				PRODUCT_NAME = "$(TARGET_NAME)";
				SWIFT_EMIT_LOC_STRINGS = YES;
				SWIFT_VERSION = 5.0;
				TARGETED_DEVICE_FAMILY = "1,2";
			};
			name = Release;
		};
		0E5CBAC72A93C5EE005A61FA /* Debug */ = {
			isa = XCBuildConfiguration;
			buildSettings = {
				ALWAYS_EMBED_SWIFT_STANDARD_LIBRARIES = YES;
				BUNDLE_LOADER = "$(TEST_HOST)";
				CODE_SIGN_STYLE = Automatic;
				CURRENT_PROJECT_VERSION = 1;
				GENERATE_INFOPLIST_FILE = YES;
				IPHONEOS_DEPLOYMENT_TARGET = 16.0;
				MARKETING_VERSION = 1.0;
				PRODUCT_BUNDLE_IDENTIFIER = com.sample.LandmarkTutorialTests;
				PRODUCT_NAME = "$(TARGET_NAME)";
				SWIFT_EMIT_LOC_STRINGS = NO;
				SWIFT_VERSION = 5.0;
				TARGETED_DEVICE_FAMILY = "1,2";
				TEST_HOST = "$(BUILT_PRODUCTS_DIR)/LandmarkTutorial.app/$(BUNDLE_EXECUTABLE_FOLDER_PATH)/LandmarkTutorial";
			};
			name = Debug;
		};
		0E5CBAC82A93C5EE005A61FA /* Release */ = {
			isa = XCBuildConfiguration;
			buildSettings = {
				ALWAYS_EMBED_SWIFT_STANDARD_LIBRARIES = YES;
				BUNDLE_LOADER = "$(TEST_HOST)";
				CODE_SIGN_STYLE = Automatic;
				CURRENT_PROJECT_VERSION = 1;
				GENERATE_INFOPLIST_FILE = YES;
				IPHONEOS_DEPLOYMENT_TARGET = 16.0;
				MARKETING_VERSION = 1.0;
				PRODUCT_BUNDLE_IDENTIFIER = com.sample.LandmarkTutorialTests;
				PRODUCT_NAME = "$(TARGET_NAME)";
				SWIFT_EMIT_LOC_STRINGS = NO;
				SWIFT_VERSION = 5.0;
				TARGETED_DEVICE_FAMILY = "1,2";
				TEST_HOST = "$(BUILT_PRODUCTS_DIR)/LandmarkTutorial.app/$(BUNDLE_EXECUTABLE_FOLDER_PATH)/LandmarkTutorial";
			};
			name = Release;
		};
		0E5CBACA2A93C5EE005A61FA /* Debug */ = {
			isa = XCBuildConfiguration;
			buildSettings = {
				ALWAYS_EMBED_SWIFT_STANDARD_LIBRARIES = YES;
				CODE_SIGN_STYLE = Automatic;
				CURRENT_PROJECT_VERSION = 1;
				GENERATE_INFOPLIST_FILE = YES;
				MARKETING_VERSION = 1.0;
				PRODUCT_BUNDLE_IDENTIFIER = com.sample.LandmarkTutorialUITests;
				PRODUCT_NAME = "$(TARGET_NAME)";
				SWIFT_EMIT_LOC_STRINGS = NO;
				SWIFT_VERSION = 5.0;
				TARGETED_DEVICE_FAMILY = "1,2";
				TEST_TARGET_NAME = LandmarkTutorial;
			};
			name = Debug;
		};
		0E5CBACB2A93C5EE005A61FA /* Release */ = {
			isa = XCBuildConfiguration;
			buildSettings = {
				ALWAYS_EMBED_SWIFT_STANDARD_LIBRARIES = YES;
				CODE_SIGN_STYLE = Automatic;
				CURRENT_PROJECT_VERSION = 1;
				GENERATE_INFOPLIST_FILE = YES;
				MARKETING_VERSION = 1.0;
				PRODUCT_BUNDLE_IDENTIFIER = com.sample.LandmarkTutorialUITests;
				PRODUCT_NAME = "$(TARGET_NAME)";
				SWIFT_EMIT_LOC_STRINGS = NO;
				SWIFT_VERSION = 5.0;
				TARGETED_DEVICE_FAMILY = "1,2";
				TEST_TARGET_NAME = LandmarkTutorial;
			};
			name = Release;
		};
/* End XCBuildConfiguration section */

/* Begin XCConfigurationList section */
		0E0C34922B55ED6E002E5B27 /* Build configuration list for PBXNativeTarget "WatchLandmarks Watch App" */ = {
			isa = XCConfigurationList;
			buildConfigurations = (
				0E0C34932B55ED6E002E5B27 /* Debug */,
				0E0C34942B55ED6E002E5B27 /* Release */,
			);
			defaultConfigurationIsVisible = 0;
			defaultConfigurationName = Release;
		};
		0E0C34BB2B56823E002E5B27 /* Build configuration list for PBXNativeTarget "MacLandmarks" */ = {
			isa = XCConfigurationList;
			buildConfigurations = (
				0E0C34BC2B56823E002E5B27 /* Debug */,
				0E0C34BD2B56823E002E5B27 /* Release */,
			);
			defaultConfigurationIsVisible = 0;
			defaultConfigurationName = Release;
		};
		0E5CBA9A2A93C5ED005A61FA /* Build configuration list for PBXProject "LandmarkTutorial" */ = {
			isa = XCConfigurationList;
			buildConfigurations = (
				0E5CBAC12A93C5EE005A61FA /* Debug */,
				0E5CBAC22A93C5EE005A61FA /* Release */,
			);
			defaultConfigurationIsVisible = 0;
			defaultConfigurationName = Release;
		};
		0E5CBAC32A93C5EE005A61FA /* Build configuration list for PBXNativeTarget "LandmarkTutorial" */ = {
			isa = XCConfigurationList;
			buildConfigurations = (
				0E5CBAC42A93C5EE005A61FA /* Debug */,
				0E5CBAC52A93C5EE005A61FA /* Release */,
			);
			defaultConfigurationIsVisible = 0;
			defaultConfigurationName = Release;
		};
		0E5CBAC62A93C5EE005A61FA /* Build configuration list for PBXNativeTarget "LandmarkTutorialTests" */ = {
			isa = XCConfigurationList;
			buildConfigurations = (
				0E5CBAC72A93C5EE005A61FA /* Debug */,
				0E5CBAC82A93C5EE005A61FA /* Release */,
			);
			defaultConfigurationIsVisible = 0;
			defaultConfigurationName = Release;
		};
		0E5CBAC92A93C5EE005A61FA /* Build configuration list for PBXNativeTarget "LandmarkTutorialUITests" */ = {
			isa = XCConfigurationList;
			buildConfigurations = (
				0E5CBACA2A93C5EE005A61FA /* Debug */,
				0E5CBACB2A93C5EE005A61FA /* Release */,
			);
			defaultConfigurationIsVisible = 0;
			defaultConfigurationName = Release;
		};
/* End XCConfigurationList section */
	};
	rootObject = 0E5CBA972A93C5ED005A61FA /* Project object */;
}
